// !$*UTF8*$!
{
	archiveVersion = 1;
	classes = {
	};
	objectVersion = 46;
	objects = {

/* Begin PBXBuildFile section */
		0002CE711BF3D0CD00FDE20A /* heroDashPhysicsBody.png in Resources */ = {isa = PBXBuildFile; fileRef = 0002CE701BF3D0CD00FDE20A /* heroDashPhysicsBody.png */; };
		0002CE871BF50B1A00FDE20A /* back-1.png in Resources */ = {isa = PBXBuildFile; fileRef = 0002CE841BF50B1A00FDE20A /* back-1.png */; };
		0002CE881BF50B1A00FDE20A /* back-2.png in Resources */ = {isa = PBXBuildFile; fileRef = 0002CE851BF50B1A00FDE20A /* back-2.png */; };
		0002CE891BF50B1A00FDE20A /* back-3.png in Resources */ = {isa = PBXBuildFile; fileRef = 0002CE861BF50B1A00FDE20A /* back-3.png */; };
		0002CE901BF5171000FDE20A /* set-1.png in Resources */ = {isa = PBXBuildFile; fileRef = 0002CE8A1BF5171000FDE20A /* set-1.png */; };
		0002CE911BF5171000FDE20A /* set-2.png in Resources */ = {isa = PBXBuildFile; fileRef = 0002CE8B1BF5171000FDE20A /* set-2.png */; };
		0002CE921BF5171000FDE20A /* set-3.png in Resources */ = {isa = PBXBuildFile; fileRef = 0002CE8C1BF5171000FDE20A /* set-3.png */; };
		0002CE931BF5171000FDE20A /* set-4.png in Resources */ = {isa = PBXBuildFile; fileRef = 0002CE8D1BF5171000FDE20A /* set-4.png */; };
		0002CE941BF5171000FDE20A /* set-5.png in Resources */ = {isa = PBXBuildFile; fileRef = 0002CE8E1BF5171000FDE20A /* set-5.png */; };
		0002CE951BF5171000FDE20A /* set-6.png in Resources */ = {isa = PBXBuildFile; fileRef = 0002CE8F1BF5171000FDE20A /* set-6.png */; };
		000D09D91BBEF31100631559 /* TBPlayerNode.swift in Sources */ = {isa = PBXBuildFile; fileRef = 000D09D81BBEF31100631559 /* TBPlayerNode.swift */; };
		001E557A1BD6DA0C00B80833 /* power1.png in Resources */ = {isa = PBXBuildFile; fileRef = 001E55791BD6DA0C00B80833 /* power1.png */; };
		001E55C21BD8221600B80833 /* cable.png in Resources */ = {isa = PBXBuildFile; fileRef = 001E55961BD8221600B80833 /* cable.png */; };
		001E55C31BD8221600B80833 /* estrutura2.png in Resources */ = {isa = PBXBuildFile; fileRef = 001E55971BD8221600B80833 /* estrutura2.png */; };
		001E55C41BD8221600B80833 /* structure1.png in Resources */ = {isa = PBXBuildFile; fileRef = 001E55981BD8221600B80833 /* structure1.png */; };
		001E55C51BD8221600B80833 /* structure2.png in Resources */ = {isa = PBXBuildFile; fileRef = 001E55991BD8221600B80833 /* structure2.png */; };
		001E55C61BD8221600B80833 /* base floor.png in Resources */ = {isa = PBXBuildFile; fileRef = 001E559B1BD8221600B80833 /* base floor.png */; };
		001E55C71BD8221600B80833 /* plataforma-01.png in Resources */ = {isa = PBXBuildFile; fileRef = 001E559C1BD8221600B80833 /* plataforma-01.png */; };
		001E55C81BD8221600B80833 /* BaseA.png in Resources */ = {isa = PBXBuildFile; fileRef = 001E559F1BD8221600B80833 /* BaseA.png */; };
		001E55C91BD8221600B80833 /* BaseB.png in Resources */ = {isa = PBXBuildFile; fileRef = 001E55A01BD8221600B80833 /* BaseB.png */; };
		001E55CA1BD8221600B80833 /* BaseD.png in Resources */ = {isa = PBXBuildFile; fileRef = 001E55A11BD8221600B80833 /* BaseD.png */; };
		001E55CB1BD8221600B80833 /* machine-01.png in Resources */ = {isa = PBXBuildFile; fileRef = 001E55A21BD8221600B80833 /* machine-01.png */; };
		001E55CC1BD8221600B80833 /* plataformmd.png in Resources */ = {isa = PBXBuildFile; fileRef = 001E55A31BD8221600B80833 /* plataformmd.png */; };
		001E55CD1BD8221600B80833 /* plataformsm.png in Resources */ = {isa = PBXBuildFile; fileRef = 001E55A41BD8221600B80833 /* plataformsm.png */; };
		001E55CE1BD8221600B80833 /* plataformsm2.png in Resources */ = {isa = PBXBuildFile; fileRef = 001E55A51BD8221600B80833 /* plataformsm2.png */; };
		001E55CF1BD8221600B80833 /* prataformlg.png in Resources */ = {isa = PBXBuildFile; fileRef = 001E55A61BD8221600B80833 /* prataformlg.png */; };
		001E55D01BD8221600B80833 /* roof.png in Resources */ = {isa = PBXBuildFile; fileRef = 001E55A71BD8221600B80833 /* roof.png */; };
		001E55D11BD8221600B80833 /* roofend1.png in Resources */ = {isa = PBXBuildFile; fileRef = 001E55A81BD8221600B80833 /* roofend1.png */; };
		001E55D21BD8221600B80833 /* roofend2.png in Resources */ = {isa = PBXBuildFile; fileRef = 001E55A91BD8221600B80833 /* roofend2.png */; };
		001E55D31BD8221600B80833 /* estructure1.png in Resources */ = {isa = PBXBuildFile; fileRef = 001E55AA1BD8221600B80833 /* estructure1.png */; };
		001E55D41BD8221600B80833 /* estructure2.png in Resources */ = {isa = PBXBuildFile; fileRef = 001E55AB1BD8221600B80833 /* estructure2.png */; };
		001E55D51BD8221600B80833 /* estructure3.png in Resources */ = {isa = PBXBuildFile; fileRef = 001E55AC1BD8221600B80833 /* estructure3.png */; };
		001E55D61BD8221600B80833 /* redlight-01.png in Resources */ = {isa = PBXBuildFile; fileRef = 001E55AD1BD8221600B80833 /* redlight-01.png */; };
		001E55D71BD8221600B80833 /* texture.png in Resources */ = {isa = PBXBuildFile; fileRef = 001E55AE1BD8221600B80833 /* texture.png */; };
		001E55D81BD8221600B80833 /* sky.png in Resources */ = {isa = PBXBuildFile; fileRef = 001E55AF1BD8221600B80833 /* sky.png */; };
		0022C0291BE2A44300A184D5 /* AttackTutorial.atlas in Resources */ = {isa = PBXBuildFile; fileRef = 0022C01F1BE2A44200A184D5 /* AttackTutorial.atlas */; };
		0022C02A1BE2A44300A184D5 /* attacktxt.png in Resources */ = {isa = PBXBuildFile; fileRef = 0022C0201BE2A44200A184D5 /* attacktxt.png */; };
		0022C02C1BE2A44300A184D5 /* JumpTutorial.atlas in Resources */ = {isa = PBXBuildFile; fileRef = 0022C0221BE2A44200A184D5 /* JumpTutorial.atlas */; };
		0022C02D1BE2A44300A184D5 /* jumptxt.png in Resources */ = {isa = PBXBuildFile; fileRef = 0022C0231BE2A44200A184D5 /* jumptxt.png */; };
		0022C02E1BE2A44300A184D5 /* SlideFrontTutorial.atlas in Resources */ = {isa = PBXBuildFile; fileRef = 0022C0241BE2A44300A184D5 /* SlideFrontTutorial.atlas */; };
		0022C02F1BE2A44300A184D5 /* slidetxt.png in Resources */ = {isa = PBXBuildFile; fileRef = 0022C0251BE2A44300A184D5 /* slidetxt.png */; };
		0022C0301BE2A44300A184D5 /* SlideUpTutorial.atlas in Resources */ = {isa = PBXBuildFile; fileRef = 0022C0261BE2A44300A184D5 /* SlideUpTutorial.atlas */; };
		0022C0311BE2A44300A184D5 /* TapTutorial.atlas in Resources */ = {isa = PBXBuildFile; fileRef = 0022C0271BE2A44300A184D5 /* TapTutorial.atlas */; };
		0022C0321BE2A44300A184D5 /* taptxt.png in Resources */ = {isa = PBXBuildFile; fileRef = 0022C0281BE2A44300A184D5 /* taptxt.png */; };
		0022C04E1BE2A95800A184D5 /* pixels.atlas in Resources */ = {isa = PBXBuildFile; fileRef = 0022C04D1BE2A95800A184D5 /* pixels.atlas */; };
		002FD80E1BF6508A003514A4 /* startCount.atlas in Resources */ = {isa = PBXBuildFile; fileRef = 002FD80D1BF6508A003514A4 /* startCount.atlas */; };
		002FD8101BF650D0003514A4 /* pt-hud.png in Resources */ = {isa = PBXBuildFile; fileRef = 002FD80F1BF650D0003514A4 /* pt-hud.png */; };
		002FD8121BF6597D003514A4 /* back-hud.png in Resources */ = {isa = PBXBuildFile; fileRef = 002FD8111BF6597D003514A4 /* back-hud.png */; };
		002FD8141BF661B3003514A4 /* bits.atlas in Resources */ = {isa = PBXBuildFile; fileRef = 002FD8131BF661B3003514A4 /* bits.atlas */; };
		002FD8161BF66235003514A4 /* TBBitNode.swift in Sources */ = {isa = PBXBuildFile; fileRef = 002FD8151BF66235003514A4 /* TBBitNode.swift */; };
		003B72F31BEA71AA00CD8F0E /* Paralax2.atlas in Resources */ = {isa = PBXBuildFile; fileRef = 003B72F21BEA71AA00CD8F0E /* Paralax2.atlas */; };
		003B72FD1BEA7BEF00CD8F0E /* redlight2.atlas in Resources */ = {isa = PBXBuildFile; fileRef = 003B72FC1BEA7BEF00CD8F0E /* redlight2.atlas */; };
		00648CAC1BF27BB600C1F906 /* TBRadioButton.swift in Sources */ = {isa = PBXBuildFile; fileRef = 00648CAB1BF27BB600C1F906 /* TBRadioButton.swift */; };
		00648CAF1BF27CE900C1F906 /* selected.png in Resources */ = {isa = PBXBuildFile; fileRef = 00648CAD1BF27CE900C1F906 /* selected.png */; };
		00648CB01BF27CE900C1F906 /* unselected.png in Resources */ = {isa = PBXBuildFile; fileRef = 00648CAE1BF27CE900C1F906 /* unselected.png */; };
		00648CB21BF2849D00C1F906 /* TBOptionsViewController.swift in Sources */ = {isa = PBXBuildFile; fileRef = 00648CB11BF2849D00C1F906 /* TBOptionsViewController.swift */; };
		008698B11BE94DA900EE80F2 /* Alert.atlas in Resources */ = {isa = PBXBuildFile; fileRef = 008698AD1BE94DA900EE80F2 /* Alert.atlas */; };
		008698B21BE94DA900EE80F2 /* Machine.atlas in Resources */ = {isa = PBXBuildFile; fileRef = 008698AE1BE94DA900EE80F2 /* Machine.atlas */; };
		008698B31BE94DA900EE80F2 /* signal.atlas in Resources */ = {isa = PBXBuildFile; fileRef = 008698AF1BE94DA900EE80F2 /* signal.atlas */; };
		008698B41BE94DA900EE80F2 /* speedbooster.atlas in Resources */ = {isa = PBXBuildFile; fileRef = 008698B01BE94DA900EE80F2 /* speedbooster.atlas */; };
		008698B61BE94F7A00EE80F2 /* TBAlertNode.swift in Sources */ = {isa = PBXBuildFile; fileRef = 008698B51BE94F7A00EE80F2 /* TBAlertNode.swift */; };
		008698BA1BE9503200EE80F2 /* TBSignalNode.swift in Sources */ = {isa = PBXBuildFile; fileRef = 008698B91BE9503200EE80F2 /* TBSignalNode.swift */; };
		008698BE1BE9519200EE80F2 /* Espinhos.atlas in Resources */ = {isa = PBXBuildFile; fileRef = 008698BD1BE9519200EE80F2 /* Espinhos.atlas */; };
		009018BA1BC82F63002AABC7 /* TBPowerUpsStates.swift in Sources */ = {isa = PBXBuildFile; fileRef = 009018B91BC82F63002AABC7 /* TBPowerUpsStates.swift */; };
		009018C01BCD8897002AABC7 /* TBChangeSpeedGround.swift in Sources */ = {isa = PBXBuildFile; fileRef = 009018BF1BCD8897002AABC7 /* TBChangeSpeedGround.swift */; };
		0092214F1BF11863007C7DDC /* enfeiteCima-1.png in Resources */ = {isa = PBXBuildFile; fileRef = 0092214A1BF11863007C7DDC /* enfeiteCima-1.png */; };
		009221501BF11863007C7DDC /* enfeiteCima-2.png in Resources */ = {isa = PBXBuildFile; fileRef = 0092214B1BF11863007C7DDC /* enfeiteCima-2.png */; };
		009221511BF11863007C7DDC /* enfeiteCima-3.png in Resources */ = {isa = PBXBuildFile; fileRef = 0092214C1BF11863007C7DDC /* enfeiteCima-3.png */; };
		009221521BF11863007C7DDC /* enfeiteCima-4.png in Resources */ = {isa = PBXBuildFile; fileRef = 0092214D1BF11863007C7DDC /* enfeiteCima-4.png */; };
		009221531BF11863007C7DDC /* enfeiteCima-5.png in Resources */ = {isa = PBXBuildFile; fileRef = 0092214E1BF11863007C7DDC /* enfeiteCima-5.png */; };
		009221581BF1187E007C7DDC /* enfeiteBaixo-1.png in Resources */ = {isa = PBXBuildFile; fileRef = 009221541BF1187E007C7DDC /* enfeiteBaixo-1.png */; };
		009221591BF1187E007C7DDC /* enfeiteBaixo-2.png in Resources */ = {isa = PBXBuildFile; fileRef = 009221551BF1187E007C7DDC /* enfeiteBaixo-2.png */; };
		0092215A1BF1187E007C7DDC /* enfeiteBaixo-3.png in Resources */ = {isa = PBXBuildFile; fileRef = 009221561BF1187E007C7DDC /* enfeiteBaixo-3.png */; };
		0092215B1BF1187E007C7DDC /* enfeiteBaixo-4.png in Resources */ = {isa = PBXBuildFile; fileRef = 009221571BF1187E007C7DDC /* enfeiteBaixo-4.png */; };
		0092215D1BF11A88007C7DDC /* efeitoBaixo.atlas in Resources */ = {isa = PBXBuildFile; fileRef = 0092215C1BF11A88007C7DDC /* efeitoBaixo.atlas */; };
		0092215F1BF11AAE007C7DDC /* efeitoCima.atlas in Resources */ = {isa = PBXBuildFile; fileRef = 0092215E1BF11AAE007C7DDC /* efeitoCima.atlas */; };
		009221611BF128CE007C7DDC /* Squares Bold Free.otf in Resources */ = {isa = PBXBuildFile; fileRef = 009221601BF1269F007C7DDC /* Squares Bold Free.otf */; };
		009221631BF12D10007C7DDC /* estagioSelect.atlas in Resources */ = {isa = PBXBuildFile; fileRef = 009221621BF12D10007C7DDC /* estagioSelect.atlas */; };
		009221681BF12EFE007C7DDC /* cabos-1.png in Resources */ = {isa = PBXBuildFile; fileRef = 009221641BF12EFE007C7DDC /* cabos-1.png */; };
		009221691BF12EFE007C7DDC /* cabos-2.png in Resources */ = {isa = PBXBuildFile; fileRef = 009221651BF12EFE007C7DDC /* cabos-2.png */; };
		0092216A1BF12EFE007C7DDC /* cabos-3.png in Resources */ = {isa = PBXBuildFile; fileRef = 009221661BF12EFE007C7DDC /* cabos-3.png */; };
		0092216B1BF12EFE007C7DDC /* cabos-4.png in Resources */ = {isa = PBXBuildFile; fileRef = 009221671BF12EFE007C7DDC /* cabos-4.png */; };
		0092216D1BF138E6007C7DDC /* back-estagio.png in Resources */ = {isa = PBXBuildFile; fileRef = 0092216C1BF138E6007C7DDC /* back-estagio.png */; };
		0095E71B1BFA509400582387 /* Level2Scene.sks in Resources */ = {isa = PBXBuildFile; fileRef = 0095E71A1BFA509400582387 /* Level2Scene.sks */; };
		0095E71D1BFA509D00582387 /* Level4Scene.sks in Resources */ = {isa = PBXBuildFile; fileRef = 0095E71C1BFA509D00582387 /* Level4Scene.sks */; };
		009CAFD11BED305E003BA434 /* PlayerAttack2.atlas in Resources */ = {isa = PBXBuildFile; fileRef = 009CAFD01BED305E003BA434 /* PlayerAttack2.atlas */; };
		009CAFD31BED4297003BA434 /* heroPhysicsBody.png in Resources */ = {isa = PBXBuildFile; fileRef = 009CAFD21BED4297003BA434 /* heroPhysicsBody.png */; };
		009CAFE51BF10DD6003BA434 /* SelectLevelScene.swift in Sources */ = {isa = PBXBuildFile; fileRef = 009CAFE41BF10DD6003BA434 /* SelectLevelScene.swift */; };
		00AC3ABF1BEA7EAB00323B6D /* smoke1.png in Resources */ = {isa = PBXBuildFile; fileRef = 00AC3ABE1BEA7EAB00323B6D /* smoke1.png */; };
		00AC3AC11BEA83EA00323B6D /* TBRedLightEffect.swift in Sources */ = {isa = PBXBuildFile; fileRef = 00AC3AC01BEA83EA00323B6D /* TBRedLightEffect.swift */; };
		00AC3ACD1BEA909F00323B6D /* PlayerStop.atlas in Resources */ = {isa = PBXBuildFile; fileRef = 00AC3ACC1BEA909F00323B6D /* PlayerStop.atlas */; };
		00BE1EED1BF8C24600F091B9 /* Level3Scene.sks in Resources */ = {isa = PBXBuildFile; fileRef = 00BE1EEC1BF8C24600F091B9 /* Level3Scene.sks */; };
		00BE1EEF1BF8C26600F091B9 /* Level1Scene.sks in Resources */ = {isa = PBXBuildFile; fileRef = 00BE1EEE1BF8C26600F091B9 /* Level1Scene.sks */; };
		00BE1EF11BF8C43300F091B9 /* TBPowerUpNode.swift in Sources */ = {isa = PBXBuildFile; fileRef = 00BE1EF01BF8C43300F091B9 /* TBPowerUpNode.swift */; };
		00C0FCE21BE9495800F8C730 /* TBBrilhoNode.swift in Sources */ = {isa = PBXBuildFile; fileRef = 00C0FCE11BE9495800F8C730 /* TBBrilhoNode.swift */; };
		00C0FCE41BE94AEF00F8C730 /* TBMachineFrontNode.swift in Sources */ = {isa = PBXBuildFile; fileRef = 00C0FCE31BE94AEF00F8C730 /* TBMachineFrontNode.swift */; };
		00CDBE8C1BB9B39000BC0517 /* AppDelegate.swift in Sources */ = {isa = PBXBuildFile; fileRef = 00CDBE8B1BB9B39000BC0517 /* AppDelegate.swift */; };
		00CDBE901BB9B39000BC0517 /* GameScene.swift in Sources */ = {isa = PBXBuildFile; fileRef = 00CDBE8F1BB9B39000BC0517 /* GameScene.swift */; };
		00CDBE921BB9B39000BC0517 /* GameViewController.swift in Sources */ = {isa = PBXBuildFile; fileRef = 00CDBE911BB9B39000BC0517 /* GameViewController.swift */; };
		00CDBE951BB9B39000BC0517 /* Main.storyboard in Resources */ = {isa = PBXBuildFile; fileRef = 00CDBE931BB9B39000BC0517 /* Main.storyboard */; };
		00CDBE971BB9B39000BC0517 /* Assets.xcassets in Resources */ = {isa = PBXBuildFile; fileRef = 00CDBE961BB9B39000BC0517 /* Assets.xcassets */; };
		00CDBE9A1BB9B39000BC0517 /* LaunchScreen.storyboard in Resources */ = {isa = PBXBuildFile; fileRef = 00CDBE981BB9B39000BC0517 /* LaunchScreen.storyboard */; };
		00CDBEA51BB9B39100BC0517 /* TheBugggerTests.swift in Sources */ = {isa = PBXBuildFile; fileRef = 00CDBEA41BB9B39100BC0517 /* TheBugggerTests.swift */; };
		00CDBEB01BB9B39100BC0517 /* TheBugggerUITests.swift in Sources */ = {isa = PBXBuildFile; fileRef = 00CDBEAF1BB9B39100BC0517 /* TheBugggerUITests.swift */; };
		00CDBEC01BB9CC3100BC0517 /* TBGestureReconizer.swift in Sources */ = {isa = PBXBuildFile; fileRef = 00CDBEBF1BB9CC3100BC0517 /* TBGestureReconizer.swift */; };
		00DCF2D81BE15213006F9F86 /* TBTutorialNodes.swift in Sources */ = {isa = PBXBuildFile; fileRef = 00DCF2D71BE15213006F9F86 /* TBTutorialNodes.swift */; };
		00F6CFD61BDE9777006F0302 /* blocksmg-01.png in Resources */ = {isa = PBXBuildFile; fileRef = 00F6CFD31BDE9777006F0302 /* blocksmg-01.png */; };
		00F6CFDA1BDEAAD5006F0302 /* icon app.png in Resources */ = {isa = PBXBuildFile; fileRef = 00F6CFD91BDEAAD5006F0302 /* icon app.png */; };
		00F6CFDC1BDEAB8C006F0302 /* TBMenuController.swift in Sources */ = {isa = PBXBuildFile; fileRef = 00F6CFDB1BDEAB8C006F0302 /* TBMenuController.swift */; };
		00F6CFE21BDEBF6A006F0302 /* play_off.png in Resources */ = {isa = PBXBuildFile; fileRef = 00F6CFE11BDEBF6A006F0302 /* play_off.png */; };
		00F6CFE41BDEBF74006F0302 /* play_on.png in Resources */ = {isa = PBXBuildFile; fileRef = 00F6CFE31BDEBF74006F0302 /* play_on.png */; };
		521269441BDACCE100B5FB2E /* edge1.png in Resources */ = {isa = PBXBuildFile; fileRef = 521269431BDACCE100B5FB2E /* edge1.png */; };
		521269461BDACCEC00B5FB2E /* edge2.png in Resources */ = {isa = PBXBuildFile; fileRef = 521269451BDACCEC00B5FB2E /* edge2.png */; };
		52714B711BDE7875006200A1 /* metalbolcklg-1.png in Resources */ = {isa = PBXBuildFile; fileRef = 52714B701BDE7875006200A1 /* metalbolcklg-1.png */; };
		52714B731BDE787C006200A1 /* metalblocksm-1.png in Resources */ = {isa = PBXBuildFile; fileRef = 52714B721BDE787C006200A1 /* metalblocksm-1.png */; };
		5279DD261BF3C75500E61727 /* Shot.atlas in Resources */ = {isa = PBXBuildFile; fileRef = 5279DD251BF3C75500E61727 /* Shot.atlas */; };
		5279DD2C1BF3DBC800E61727 /* ShooterBot.atlas in Resources */ = {isa = PBXBuildFile; fileRef = 5279DD2B1BF3DBC800E61727 /* ShooterBot.atlas */; };
		5279DD2E1BF3DBFE00E61727 /* RepousoShotBot.atlas in Resources */ = {isa = PBXBuildFile; fileRef = 5279DD2D1BF3DBFE00E61727 /* RepousoShotBot.atlas */; };
		5279DD301BF3DF5400E61727 /* ShotDefended.atlas in Resources */ = {isa = PBXBuildFile; fileRef = 5279DD2F1BF3DF5400E61727 /* ShotDefended.atlas */; };
		5289B84E1BE0068600CA6C2D /* darkness.png in Resources */ = {isa = PBXBuildFile; fileRef = 5289B84D1BE0068600CA6C2D /* darkness.png */; };
		52C376F61BC441190012BC96 /* TBShotNode.swift in Sources */ = {isa = PBXBuildFile; fileRef = 52C376F51BC441190012BC96 /* TBShotNode.swift */; };
		52C376F81BC4482D0012BC96 /* TBFlyingBotNode.swift in Sources */ = {isa = PBXBuildFile; fileRef = 52C376F71BC4482D0012BC96 /* TBFlyingBotNode.swift */; };
		52C376FA1BC44E4B0012BC96 /* TBFlyingBotEntity.swift in Sources */ = {isa = PBXBuildFile; fileRef = 52C376F91BC44E4B0012BC96 /* TBFlyingBotEntity.swift */; };
		52C376FC1BC44E7E0012BC96 /* TBFlying.swift in Sources */ = {isa = PBXBuildFile; fileRef = 52C376FB1BC44E7E0012BC96 /* TBFlying.swift */; };
		52CABF6E1BF13171008670B9 /* TBShotBotNode.swift in Sources */ = {isa = PBXBuildFile; fileRef = 52CABF6D1BF13171008670B9 /* TBShotBotNode.swift */; };
		52E75DBC1BDEAC3200F91E00 /* TBMoedasNode.swift in Sources */ = {isa = PBXBuildFile; fileRef = 52E75DBB1BDEAC3200F91E00 /* TBMoedasNode.swift */; };
		52E75DBE1BDEAC5000F91E00 /* PlayerDefence.atlas in Resources */ = {isa = PBXBuildFile; fileRef = 52E75DBD1BDEAC5000F91E00 /* PlayerDefence.atlas */; };
		52E75DC01BDEAC5700F91E00 /* Moedas.Atlas in Resources */ = {isa = PBXBuildFile; fileRef = 52E75DBF1BDEAC5700F91E00 /* Moedas.Atlas */; };
		52E75DC21BDEAC6900F91E00 /* GroundMonster.atlas in Resources */ = {isa = PBXBuildFile; fileRef = 52E75DC11BDEAC6900F91E00 /* GroundMonster.atlas */; };
		52E75DC41BDEAD0300F91E00 /* Move_Ya.mp3 in Resources */ = {isa = PBXBuildFile; fileRef = 52E75DC31BDEAD0300F91E00 /* Move_Ya.mp3 */; };
		52E7AEB11BBEFA52008FE672 /* GameSceneTestEnemy.swift in Sources */ = {isa = PBXBuildFile; fileRef = 52E7AEB01BBEFA52008FE672 /* GameSceneTestEnemy.swift */; };
		52E7AEB31BBEFEF6008FE672 /* TBPlayerEntity.swift in Sources */ = {isa = PBXBuildFile; fileRef = 52E7AEB21BBEFEF6008FE672 /* TBPlayerEntity.swift */; };
		52E7AEB51BBF0227008FE672 /* TBGroundBotNode.swift in Sources */ = {isa = PBXBuildFile; fileRef = 52E7AEB41BBF0227008FE672 /* TBGroundBotNode.swift */; };
		52E7AEB71BBF0286008FE672 /* TBGroundBotEntity.swift in Sources */ = {isa = PBXBuildFile; fileRef = 52E7AEB61BBF0286008FE672 /* TBGroundBotEntity.swift */; };
		52E7AEB91BBF06D2008FE672 /* TBGroundBotAtack.swift in Sources */ = {isa = PBXBuildFile; fileRef = 52E7AEB81BBF06D2008FE672 /* TBGroundBotAtack.swift */; };
		52EF6EE21BF51FF600780377 /* ShooterBot2.atlas in Resources */ = {isa = PBXBuildFile; fileRef = 52EF6EE11BF51FF600780377 /* ShooterBot2.atlas */; };
		52EF6EE41BF52F4700780377 /* TBMonsterProtocol.swift in Sources */ = {isa = PBXBuildFile; fileRef = 52EF6EE31BF52F4700780377 /* TBMonsterProtocol.swift */; };
		52FDE2DE1BF29285003D9A1D /* DieShooterBot.atlas in Resources */ = {isa = PBXBuildFile; fileRef = 52FDE2DD1BF29284003D9A1D /* DieShooterBot.atlas */; };
		AF0A27251BE00EC80027965B /* ENDZONE.atlas in Resources */ = {isa = PBXBuildFile; fileRef = AF0A27231BE00EC80027965B /* ENDZONE.atlas */; };
		AF0A27261BE00EC80027965B /* EndzoneBack.atlas in Resources */ = {isa = PBXBuildFile; fileRef = AF0A27241BE00EC80027965B /* EndzoneBack.atlas */; };
		AF0A272A1BE010E20027965B /* TBFinalNode.swift in Sources */ = {isa = PBXBuildFile; fileRef = AF0A27291BE010E20027965B /* TBFinalNode.swift */; };
		AF2A3E451BD85D19001DA3DB /* TBUtils.swift in Sources */ = {isa = PBXBuildFile; fileRef = AF2A3E441BD85D19001DA3DB /* TBUtils.swift */; };
		AF2A3E471BD85D47001DA3DB /* TBEspinhosNode.swift in Sources */ = {isa = PBXBuildFile; fileRef = AF2A3E461BD85D47001DA3DB /* TBEspinhosNode.swift */; };
		AF9061221BE290AE00C61746 /* PlayerDeath.atlas in Resources */ = {isa = PBXBuildFile; fileRef = AF9061211BE290AE00C61746 /* PlayerDeath.atlas */; };
		AF9061241BE291C400C61746 /* MonsterDeath.atlas in Resources */ = {isa = PBXBuildFile; fileRef = AF9061231BE291C400C61746 /* MonsterDeath.atlas */; };
		AFE7EF6B1BF3B0C200C99A94 /* libFlurry_7.3.0.a in Frameworks */ = {isa = PBXBuildFile; fileRef = AFE7EF691BF3B0C200C99A94 /* libFlurry_7.3.0.a */; };
		AFE7EF6D1BF3B65B00C99A94 /* Security.framework in Frameworks */ = {isa = PBXBuildFile; fileRef = AFE7EF6C1BF3B65B00C99A94 /* Security.framework */; };
		AFE7EF6F1BF3B67000C99A94 /* SystemConfiguration.framework in Frameworks */ = {isa = PBXBuildFile; fileRef = AFE7EF6E1BF3B67000C99A94 /* SystemConfiguration.framework */; };
		AFE7EF781BF3C7BC00C99A94 /* PlayerAir.atlas in Resources */ = {isa = PBXBuildFile; fileRef = AFE7EF771BF3C7BC00C99A94 /* PlayerAir.atlas */; };
		AFE7EF901BF3D59A00C99A94 /* SelectLevelScene.sks in Resources */ = {isa = PBXBuildFile; fileRef = AFE7EF8F1BF3D59A00C99A94 /* SelectLevelScene.sks */; };
		AFEF5C461BC44E3B003273FF /* PlayerFall.atlas in Resources */ = {isa = PBXBuildFile; fileRef = AFEF5C401BC44E3B003273FF /* PlayerFall.atlas */; };
		AFF489F11BD56D8700463411 /* PlayerAttack.atlas in Resources */ = {isa = PBXBuildFile; fileRef = AFF489ED1BD56D8700463411 /* PlayerAttack.atlas */; };
		AFF489F21BD56D8700463411 /* PlayerDash.atlas in Resources */ = {isa = PBXBuildFile; fileRef = AFF489EE1BD56D8700463411 /* PlayerDash.atlas */; };
		AFF489F31BD56D8700463411 /* PlayerJump.atlas in Resources */ = {isa = PBXBuildFile; fileRef = AFF489EF1BD56D8700463411 /* PlayerJump.atlas */; };
		AFF489F41BD56D8700463411 /* PlayerRun.atlas in Resources */ = {isa = PBXBuildFile; fileRef = AFF489F01BD56D8700463411 /* PlayerRun.atlas */; };
/* End PBXBuildFile section */

/* Begin PBXContainerItemProxy section */
		00CDBEA11BB9B39100BC0517 /* PBXContainerItemProxy */ = {
			isa = PBXContainerItemProxy;
			containerPortal = 00CDBE801BB9B39000BC0517 /* Project object */;
			proxyType = 1;
			remoteGlobalIDString = 00CDBE871BB9B39000BC0517;
			remoteInfo = TheBuggger;
		};
		00CDBEAC1BB9B39100BC0517 /* PBXContainerItemProxy */ = {
			isa = PBXContainerItemProxy;
			containerPortal = 00CDBE801BB9B39000BC0517 /* Project object */;
			proxyType = 1;
			remoteGlobalIDString = 00CDBE871BB9B39000BC0517;
			remoteInfo = TheBuggger;
		};
/* End PBXContainerItemProxy section */

/* Begin PBXFileReference section */
		0002CE701BF3D0CD00FDE20A /* heroDashPhysicsBody.png */ = {isa = PBXFileReference; lastKnownFileType = image.png; path = heroDashPhysicsBody.png; sourceTree = "<group>"; };
		0002CE841BF50B1A00FDE20A /* back-1.png */ = {isa = PBXFileReference; lastKnownFileType = image.png; path = "back-1.png"; sourceTree = "<group>"; };
		0002CE851BF50B1A00FDE20A /* back-2.png */ = {isa = PBXFileReference; lastKnownFileType = image.png; path = "back-2.png"; sourceTree = "<group>"; };
		0002CE861BF50B1A00FDE20A /* back-3.png */ = {isa = PBXFileReference; lastKnownFileType = image.png; path = "back-3.png"; sourceTree = "<group>"; };
		0002CE8A1BF5171000FDE20A /* set-1.png */ = {isa = PBXFileReference; lastKnownFileType = image.png; path = "set-1.png"; sourceTree = "<group>"; };
		0002CE8B1BF5171000FDE20A /* set-2.png */ = {isa = PBXFileReference; lastKnownFileType = image.png; path = "set-2.png"; sourceTree = "<group>"; };
		0002CE8C1BF5171000FDE20A /* set-3.png */ = {isa = PBXFileReference; lastKnownFileType = image.png; path = "set-3.png"; sourceTree = "<group>"; };
		0002CE8D1BF5171000FDE20A /* set-4.png */ = {isa = PBXFileReference; lastKnownFileType = image.png; path = "set-4.png"; sourceTree = "<group>"; };
		0002CE8E1BF5171000FDE20A /* set-5.png */ = {isa = PBXFileReference; lastKnownFileType = image.png; path = "set-5.png"; sourceTree = "<group>"; };
		0002CE8F1BF5171000FDE20A /* set-6.png */ = {isa = PBXFileReference; lastKnownFileType = image.png; path = "set-6.png"; sourceTree = "<group>"; };
		000D09D81BBEF31100631559 /* TBPlayerNode.swift */ = {isa = PBXFileReference; fileEncoding = 4; lastKnownFileType = sourcecode.swift; path = TBPlayerNode.swift; sourceTree = "<group>"; };
		001E55791BD6DA0C00B80833 /* power1.png */ = {isa = PBXFileReference; lastKnownFileType = image.png; path = power1.png; sourceTree = "<group>"; };
		001E55961BD8221600B80833 /* cable.png */ = {isa = PBXFileReference; lastKnownFileType = image.png; path = cable.png; sourceTree = "<group>"; };
		001E55971BD8221600B80833 /* estrutura2.png */ = {isa = PBXFileReference; lastKnownFileType = image.png; path = estrutura2.png; sourceTree = "<group>"; };
		001E55981BD8221600B80833 /* structure1.png */ = {isa = PBXFileReference; lastKnownFileType = image.png; path = structure1.png; sourceTree = "<group>"; };
		001E55991BD8221600B80833 /* structure2.png */ = {isa = PBXFileReference; lastKnownFileType = image.png; path = structure2.png; sourceTree = "<group>"; };
		001E559B1BD8221600B80833 /* base floor.png */ = {isa = PBXFileReference; lastKnownFileType = image.png; path = "base floor.png"; sourceTree = "<group>"; };
		001E559C1BD8221600B80833 /* plataforma-01.png */ = {isa = PBXFileReference; lastKnownFileType = image.png; path = "plataforma-01.png"; sourceTree = "<group>"; };
		001E559F1BD8221600B80833 /* BaseA.png */ = {isa = PBXFileReference; lastKnownFileType = image.png; path = BaseA.png; sourceTree = "<group>"; };
		001E55A01BD8221600B80833 /* BaseB.png */ = {isa = PBXFileReference; lastKnownFileType = image.png; path = BaseB.png; sourceTree = "<group>"; };
		001E55A11BD8221600B80833 /* BaseD.png */ = {isa = PBXFileReference; lastKnownFileType = image.png; path = BaseD.png; sourceTree = "<group>"; };
		001E55A21BD8221600B80833 /* machine-01.png */ = {isa = PBXFileReference; lastKnownFileType = image.png; path = "machine-01.png"; sourceTree = "<group>"; };
		001E55A31BD8221600B80833 /* plataformmd.png */ = {isa = PBXFileReference; lastKnownFileType = image.png; path = plataformmd.png; sourceTree = "<group>"; };
		001E55A41BD8221600B80833 /* plataformsm.png */ = {isa = PBXFileReference; lastKnownFileType = image.png; path = plataformsm.png; sourceTree = "<group>"; };
		001E55A51BD8221600B80833 /* plataformsm2.png */ = {isa = PBXFileReference; lastKnownFileType = image.png; path = plataformsm2.png; sourceTree = "<group>"; };
		001E55A61BD8221600B80833 /* prataformlg.png */ = {isa = PBXFileReference; lastKnownFileType = image.png; path = prataformlg.png; sourceTree = "<group>"; };
		001E55A71BD8221600B80833 /* roof.png */ = {isa = PBXFileReference; lastKnownFileType = image.png; path = roof.png; sourceTree = "<group>"; };
		001E55A81BD8221600B80833 /* roofend1.png */ = {isa = PBXFileReference; lastKnownFileType = image.png; path = roofend1.png; sourceTree = "<group>"; };
		001E55A91BD8221600B80833 /* roofend2.png */ = {isa = PBXFileReference; lastKnownFileType = image.png; path = roofend2.png; sourceTree = "<group>"; };
		001E55AA1BD8221600B80833 /* estructure1.png */ = {isa = PBXFileReference; lastKnownFileType = image.png; path = estructure1.png; sourceTree = "<group>"; };
		001E55AB1BD8221600B80833 /* estructure2.png */ = {isa = PBXFileReference; lastKnownFileType = image.png; path = estructure2.png; sourceTree = "<group>"; };
		001E55AC1BD8221600B80833 /* estructure3.png */ = {isa = PBXFileReference; lastKnownFileType = image.png; path = estructure3.png; sourceTree = "<group>"; };
		001E55AD1BD8221600B80833 /* redlight-01.png */ = {isa = PBXFileReference; lastKnownFileType = image.png; path = "redlight-01.png"; sourceTree = "<group>"; };
		001E55AE1BD8221600B80833 /* texture.png */ = {isa = PBXFileReference; lastKnownFileType = image.png; path = texture.png; sourceTree = "<group>"; };
		001E55AF1BD8221600B80833 /* sky.png */ = {isa = PBXFileReference; lastKnownFileType = image.png; path = sky.png; sourceTree = "<group>"; };
		0022C01F1BE2A44200A184D5 /* AttackTutorial.atlas */ = {isa = PBXFileReference; lastKnownFileType = folder.skatlas; path = AttackTutorial.atlas; sourceTree = "<group>"; };
		0022C0201BE2A44200A184D5 /* attacktxt.png */ = {isa = PBXFileReference; lastKnownFileType = image.png; path = attacktxt.png; sourceTree = "<group>"; };
		0022C0221BE2A44200A184D5 /* JumpTutorial.atlas */ = {isa = PBXFileReference; lastKnownFileType = folder.skatlas; path = JumpTutorial.atlas; sourceTree = "<group>"; };
		0022C0231BE2A44200A184D5 /* jumptxt.png */ = {isa = PBXFileReference; lastKnownFileType = image.png; path = jumptxt.png; sourceTree = "<group>"; };
		0022C0241BE2A44300A184D5 /* SlideFrontTutorial.atlas */ = {isa = PBXFileReference; lastKnownFileType = folder.skatlas; path = SlideFrontTutorial.atlas; sourceTree = "<group>"; };
		0022C0251BE2A44300A184D5 /* slidetxt.png */ = {isa = PBXFileReference; lastKnownFileType = image.png; path = slidetxt.png; sourceTree = "<group>"; };
		0022C0261BE2A44300A184D5 /* SlideUpTutorial.atlas */ = {isa = PBXFileReference; lastKnownFileType = folder.skatlas; path = SlideUpTutorial.atlas; sourceTree = "<group>"; };
		0022C0271BE2A44300A184D5 /* TapTutorial.atlas */ = {isa = PBXFileReference; lastKnownFileType = folder.skatlas; path = TapTutorial.atlas; sourceTree = "<group>"; };
		0022C0281BE2A44300A184D5 /* taptxt.png */ = {isa = PBXFileReference; lastKnownFileType = image.png; path = taptxt.png; sourceTree = "<group>"; };
		0022C04D1BE2A95800A184D5 /* pixels.atlas */ = {isa = PBXFileReference; lastKnownFileType = folder.skatlas; path = pixels.atlas; sourceTree = "<group>"; };
		002FD80D1BF6508A003514A4 /* startCount.atlas */ = {isa = PBXFileReference; lastKnownFileType = folder.skatlas; path = startCount.atlas; sourceTree = "<group>"; };
		002FD80F1BF650D0003514A4 /* pt-hud.png */ = {isa = PBXFileReference; lastKnownFileType = image.png; path = "pt-hud.png"; sourceTree = "<group>"; };
		002FD8111BF6597D003514A4 /* back-hud.png */ = {isa = PBXFileReference; lastKnownFileType = image.png; path = "back-hud.png"; sourceTree = "<group>"; };
		002FD8131BF661B3003514A4 /* bits.atlas */ = {isa = PBXFileReference; lastKnownFileType = folder.skatlas; path = bits.atlas; sourceTree = "<group>"; };
		002FD8151BF66235003514A4 /* TBBitNode.swift */ = {isa = PBXFileReference; fileEncoding = 4; lastKnownFileType = sourcecode.swift; path = TBBitNode.swift; sourceTree = "<group>"; };
		003B72F21BEA71AA00CD8F0E /* Paralax2.atlas */ = {isa = PBXFileReference; lastKnownFileType = folder.skatlas; path = Paralax2.atlas; sourceTree = "<group>"; };
		003B72FC1BEA7BEF00CD8F0E /* redlight2.atlas */ = {isa = PBXFileReference; lastKnownFileType = folder.skatlas; path = redlight2.atlas; sourceTree = "<group>"; };
		00648CAB1BF27BB600C1F906 /* TBRadioButton.swift */ = {isa = PBXFileReference; fileEncoding = 4; lastKnownFileType = sourcecode.swift; path = TBRadioButton.swift; sourceTree = "<group>"; };
		00648CAD1BF27CE900C1F906 /* selected.png */ = {isa = PBXFileReference; lastKnownFileType = image.png; path = selected.png; sourceTree = "<group>"; };
		00648CAE1BF27CE900C1F906 /* unselected.png */ = {isa = PBXFileReference; lastKnownFileType = image.png; path = unselected.png; sourceTree = "<group>"; };
		00648CB11BF2849D00C1F906 /* TBOptionsViewController.swift */ = {isa = PBXFileReference; fileEncoding = 4; lastKnownFileType = sourcecode.swift; path = TBOptionsViewController.swift; sourceTree = "<group>"; };
		008698AD1BE94DA900EE80F2 /* Alert.atlas */ = {isa = PBXFileReference; lastKnownFileType = folder.skatlas; path = Alert.atlas; sourceTree = "<group>"; };
		008698AE1BE94DA900EE80F2 /* Machine.atlas */ = {isa = PBXFileReference; lastKnownFileType = folder.skatlas; path = Machine.atlas; sourceTree = "<group>"; };
		008698AF1BE94DA900EE80F2 /* signal.atlas */ = {isa = PBXFileReference; lastKnownFileType = folder.skatlas; path = signal.atlas; sourceTree = "<group>"; };
		008698B01BE94DA900EE80F2 /* speedbooster.atlas */ = {isa = PBXFileReference; lastKnownFileType = folder.skatlas; path = speedbooster.atlas; sourceTree = "<group>"; };
		008698B51BE94F7A00EE80F2 /* TBAlertNode.swift */ = {isa = PBXFileReference; fileEncoding = 4; lastKnownFileType = sourcecode.swift; path = TBAlertNode.swift; sourceTree = "<group>"; };
		008698B71BE94FCC00EE80F2 /* TBSignalNode.swift */ = {isa = PBXFileReference; fileEncoding = 4; lastKnownFileType = sourcecode.swift; path = TBSignalNode.swift; sourceTree = "<group>"; };
		008698B91BE9503200EE80F2 /* TBSignalNode.swift */ = {isa = PBXFileReference; fileEncoding = 4; lastKnownFileType = sourcecode.swift; path = TBSignalNode.swift; sourceTree = "<group>"; };
		008698BD1BE9519200EE80F2 /* Espinhos.atlas */ = {isa = PBXFileReference; lastKnownFileType = folder.skatlas; path = Espinhos.atlas; sourceTree = "<group>"; };
		009018B91BC82F63002AABC7 /* TBPowerUpsStates.swift */ = {isa = PBXFileReference; fileEncoding = 4; lastKnownFileType = sourcecode.swift; path = TBPowerUpsStates.swift; sourceTree = "<group>"; };
		009018BF1BCD8897002AABC7 /* TBChangeSpeedGround.swift */ = {isa = PBXFileReference; fileEncoding = 4; lastKnownFileType = sourcecode.swift; path = TBChangeSpeedGround.swift; sourceTree = "<group>"; };
		0092214A1BF11863007C7DDC /* enfeiteCima-1.png */ = {isa = PBXFileReference; lastKnownFileType = image.png; name = "enfeiteCima-1.png"; path = "efeitoCima.atlas/enfeiteCima-1.png"; sourceTree = "<group>"; };
		0092214B1BF11863007C7DDC /* enfeiteCima-2.png */ = {isa = PBXFileReference; lastKnownFileType = image.png; name = "enfeiteCima-2.png"; path = "efeitoCima.atlas/enfeiteCima-2.png"; sourceTree = "<group>"; };
		0092214C1BF11863007C7DDC /* enfeiteCima-3.png */ = {isa = PBXFileReference; lastKnownFileType = image.png; name = "enfeiteCima-3.png"; path = "efeitoCima.atlas/enfeiteCima-3.png"; sourceTree = "<group>"; };
		0092214D1BF11863007C7DDC /* enfeiteCima-4.png */ = {isa = PBXFileReference; lastKnownFileType = image.png; name = "enfeiteCima-4.png"; path = "efeitoCima.atlas/enfeiteCima-4.png"; sourceTree = "<group>"; };
		0092214E1BF11863007C7DDC /* enfeiteCima-5.png */ = {isa = PBXFileReference; lastKnownFileType = image.png; name = "enfeiteCima-5.png"; path = "efeitoCima.atlas/enfeiteCima-5.png"; sourceTree = "<group>"; };
		009221541BF1187E007C7DDC /* enfeiteBaixo-1.png */ = {isa = PBXFileReference; lastKnownFileType = image.png; name = "enfeiteBaixo-1.png"; path = "efeitoBaixo.atlas/enfeiteBaixo-1.png"; sourceTree = "<group>"; };
		009221551BF1187E007C7DDC /* enfeiteBaixo-2.png */ = {isa = PBXFileReference; lastKnownFileType = image.png; name = "enfeiteBaixo-2.png"; path = "efeitoBaixo.atlas/enfeiteBaixo-2.png"; sourceTree = "<group>"; };
		009221561BF1187E007C7DDC /* enfeiteBaixo-3.png */ = {isa = PBXFileReference; lastKnownFileType = image.png; name = "enfeiteBaixo-3.png"; path = "efeitoBaixo.atlas/enfeiteBaixo-3.png"; sourceTree = "<group>"; };
		009221571BF1187E007C7DDC /* enfeiteBaixo-4.png */ = {isa = PBXFileReference; lastKnownFileType = image.png; name = "enfeiteBaixo-4.png"; path = "efeitoBaixo.atlas/enfeiteBaixo-4.png"; sourceTree = "<group>"; };
		0092215C1BF11A88007C7DDC /* efeitoBaixo.atlas */ = {isa = PBXFileReference; lastKnownFileType = folder.skatlas; path = efeitoBaixo.atlas; sourceTree = "<group>"; };
		0092215E1BF11AAE007C7DDC /* efeitoCima.atlas */ = {isa = PBXFileReference; lastKnownFileType = folder.skatlas; path = efeitoCima.atlas; sourceTree = "<group>"; };
		009221601BF1269F007C7DDC /* Squares Bold Free.otf */ = {isa = PBXFileReference; lastKnownFileType = file; path = "Squares Bold Free.otf"; sourceTree = "<group>"; };
		009221621BF12D10007C7DDC /* estagioSelect.atlas */ = {isa = PBXFileReference; lastKnownFileType = folder.skatlas; path = estagioSelect.atlas; sourceTree = "<group>"; };
		009221641BF12EFE007C7DDC /* cabos-1.png */ = {isa = PBXFileReference; lastKnownFileType = image.png; path = "cabos-1.png"; sourceTree = "<group>"; };
		009221651BF12EFE007C7DDC /* cabos-2.png */ = {isa = PBXFileReference; lastKnownFileType = image.png; path = "cabos-2.png"; sourceTree = "<group>"; };
		009221661BF12EFE007C7DDC /* cabos-3.png */ = {isa = PBXFileReference; lastKnownFileType = image.png; path = "cabos-3.png"; sourceTree = "<group>"; };
		009221671BF12EFE007C7DDC /* cabos-4.png */ = {isa = PBXFileReference; lastKnownFileType = image.png; path = "cabos-4.png"; sourceTree = "<group>"; };
		0092216C1BF138E6007C7DDC /* back-estagio.png */ = {isa = PBXFileReference; lastKnownFileType = image.png; path = "back-estagio.png"; sourceTree = "<group>"; };
		0095E71A1BFA509400582387 /* Level2Scene.sks */ = {isa = PBXFileReference; lastKnownFileType = file.sks; path = Level2Scene.sks; sourceTree = "<group>"; };
		0095E71C1BFA509D00582387 /* Level4Scene.sks */ = {isa = PBXFileReference; lastKnownFileType = file.sks; path = Level4Scene.sks; sourceTree = "<group>"; };
		009CAFD01BED305E003BA434 /* PlayerAttack2.atlas */ = {isa = PBXFileReference; lastKnownFileType = folder.skatlas; path = PlayerAttack2.atlas; sourceTree = "<group>"; };
		009CAFD21BED4297003BA434 /* heroPhysicsBody.png */ = {isa = PBXFileReference; lastKnownFileType = image.png; path = heroPhysicsBody.png; sourceTree = "<group>"; };
		009CAFE41BF10DD6003BA434 /* SelectLevelScene.swift */ = {isa = PBXFileReference; fileEncoding = 4; lastKnownFileType = sourcecode.swift; path = SelectLevelScene.swift; sourceTree = "<group>"; };
		00AC3ABE1BEA7EAB00323B6D /* smoke1.png */ = {isa = PBXFileReference; lastKnownFileType = image.png; path = smoke1.png; sourceTree = "<group>"; };
		00AC3AC01BEA83EA00323B6D /* TBRedLightEffect.swift */ = {isa = PBXFileReference; fileEncoding = 4; lastKnownFileType = sourcecode.swift; path = TBRedLightEffect.swift; sourceTree = "<group>"; };
		00AC3ACC1BEA909F00323B6D /* PlayerStop.atlas */ = {isa = PBXFileReference; lastKnownFileType = folder.skatlas; path = PlayerStop.atlas; sourceTree = "<group>"; };
		00BE1EEC1BF8C24600F091B9 /* Level3Scene.sks */ = {isa = PBXFileReference; lastKnownFileType = file.sks; path = Level3Scene.sks; sourceTree = "<group>"; };
		00BE1EEE1BF8C26600F091B9 /* Level1Scene.sks */ = {isa = PBXFileReference; lastKnownFileType = file.sks; path = Level1Scene.sks; sourceTree = "<group>"; };
		00BE1EF01BF8C43300F091B9 /* TBPowerUpNode.swift */ = {isa = PBXFileReference; fileEncoding = 4; lastKnownFileType = sourcecode.swift; path = TBPowerUpNode.swift; sourceTree = "<group>"; };
		00C0FCE11BE9495800F8C730 /* TBBrilhoNode.swift */ = {isa = PBXFileReference; fileEncoding = 4; lastKnownFileType = sourcecode.swift; path = TBBrilhoNode.swift; sourceTree = "<group>"; };
		00C0FCE31BE94AEF00F8C730 /* TBMachineFrontNode.swift */ = {isa = PBXFileReference; fileEncoding = 4; lastKnownFileType = sourcecode.swift; path = TBMachineFrontNode.swift; sourceTree = "<group>"; };
		00CDBE881BB9B39000BC0517 /* TheBuggger.app */ = {isa = PBXFileReference; explicitFileType = wrapper.application; includeInIndex = 0; path = TheBuggger.app; sourceTree = BUILT_PRODUCTS_DIR; };
		00CDBE8B1BB9B39000BC0517 /* AppDelegate.swift */ = {isa = PBXFileReference; lastKnownFileType = sourcecode.swift; path = AppDelegate.swift; sourceTree = "<group>"; };
		00CDBE8F1BB9B39000BC0517 /* GameScene.swift */ = {isa = PBXFileReference; lastKnownFileType = sourcecode.swift; path = GameScene.swift; sourceTree = "<group>"; };
		00CDBE911BB9B39000BC0517 /* GameViewController.swift */ = {isa = PBXFileReference; lastKnownFileType = sourcecode.swift; path = GameViewController.swift; sourceTree = "<group>"; };
		00CDBE941BB9B39000BC0517 /* Base */ = {isa = PBXFileReference; lastKnownFileType = file.storyboard; name = Base; path = Base.lproj/Main.storyboard; sourceTree = "<group>"; };
		00CDBE961BB9B39000BC0517 /* Assets.xcassets */ = {isa = PBXFileReference; lastKnownFileType = folder.assetcatalog; path = Assets.xcassets; sourceTree = "<group>"; };
		00CDBE991BB9B39000BC0517 /* Base */ = {isa = PBXFileReference; lastKnownFileType = file.storyboard; name = Base; path = Base.lproj/LaunchScreen.storyboard; sourceTree = "<group>"; };
		00CDBE9B1BB9B39000BC0517 /* Info.plist */ = {isa = PBXFileReference; lastKnownFileType = text.plist.xml; path = Info.plist; sourceTree = "<group>"; };
		00CDBEA01BB9B39100BC0517 /* TheBugggerTests.xctest */ = {isa = PBXFileReference; explicitFileType = wrapper.cfbundle; includeInIndex = 0; path = TheBugggerTests.xctest; sourceTree = BUILT_PRODUCTS_DIR; };
		00CDBEA41BB9B39100BC0517 /* TheBugggerTests.swift */ = {isa = PBXFileReference; lastKnownFileType = sourcecode.swift; path = TheBugggerTests.swift; sourceTree = "<group>"; };
		00CDBEA61BB9B39100BC0517 /* Info.plist */ = {isa = PBXFileReference; lastKnownFileType = text.plist.xml; path = Info.plist; sourceTree = "<group>"; };
		00CDBEAB1BB9B39100BC0517 /* TheBugggerUITests.xctest */ = {isa = PBXFileReference; explicitFileType = wrapper.cfbundle; includeInIndex = 0; path = TheBugggerUITests.xctest; sourceTree = BUILT_PRODUCTS_DIR; };
		00CDBEAF1BB9B39100BC0517 /* TheBugggerUITests.swift */ = {isa = PBXFileReference; lastKnownFileType = sourcecode.swift; path = TheBugggerUITests.swift; sourceTree = "<group>"; };
		00CDBEB11BB9B39100BC0517 /* Info.plist */ = {isa = PBXFileReference; lastKnownFileType = text.plist.xml; path = Info.plist; sourceTree = "<group>"; };
		00CDBEBF1BB9CC3100BC0517 /* TBGestureReconizer.swift */ = {isa = PBXFileReference; fileEncoding = 4; lastKnownFileType = sourcecode.swift; path = TBGestureReconizer.swift; sourceTree = "<group>"; };
		00DCF2D71BE15213006F9F86 /* TBTutorialNodes.swift */ = {isa = PBXFileReference; fileEncoding = 4; lastKnownFileType = sourcecode.swift; path = TBTutorialNodes.swift; sourceTree = "<group>"; };
		00F6CFD31BDE9777006F0302 /* blocksmg-01.png */ = {isa = PBXFileReference; lastKnownFileType = image.png; path = "blocksmg-01.png"; sourceTree = "<group>"; };
		00F6CFD91BDEAAD5006F0302 /* icon app.png */ = {isa = PBXFileReference; lastKnownFileType = image.png; path = "icon app.png"; sourceTree = "<group>"; };
		00F6CFDB1BDEAB8C006F0302 /* TBMenuController.swift */ = {isa = PBXFileReference; fileEncoding = 4; lastKnownFileType = sourcecode.swift; path = TBMenuController.swift; sourceTree = "<group>"; };
		00F6CFE11BDEBF6A006F0302 /* play_off.png */ = {isa = PBXFileReference; lastKnownFileType = image.png; path = play_off.png; sourceTree = "<group>"; };
		00F6CFE31BDEBF74006F0302 /* play_on.png */ = {isa = PBXFileReference; lastKnownFileType = image.png; path = play_on.png; sourceTree = "<group>"; };
		521269431BDACCE100B5FB2E /* edge1.png */ = {isa = PBXFileReference; lastKnownFileType = image.png; path = edge1.png; sourceTree = "<group>"; };
		521269451BDACCEC00B5FB2E /* edge2.png */ = {isa = PBXFileReference; lastKnownFileType = image.png; path = edge2.png; sourceTree = "<group>"; };
		52714B701BDE7875006200A1 /* metalbolcklg-1.png */ = {isa = PBXFileReference; lastKnownFileType = image.png; path = "metalbolcklg-1.png"; sourceTree = "<group>"; };
		52714B721BDE787C006200A1 /* metalblocksm-1.png */ = {isa = PBXFileReference; lastKnownFileType = image.png; path = "metalblocksm-1.png"; sourceTree = "<group>"; };
		5279DD251BF3C75500E61727 /* Shot.atlas */ = {isa = PBXFileReference; lastKnownFileType = folder.skatlas; path = Shot.atlas; sourceTree = "<group>"; };
		5279DD2B1BF3DBC800E61727 /* ShooterBot.atlas */ = {isa = PBXFileReference; lastKnownFileType = folder.skatlas; path = ShooterBot.atlas; sourceTree = "<group>"; };
		5279DD2D1BF3DBFE00E61727 /* RepousoShotBot.atlas */ = {isa = PBXFileReference; lastKnownFileType = folder.skatlas; path = RepousoShotBot.atlas; sourceTree = "<group>"; };
		5279DD2F1BF3DF5400E61727 /* ShotDefended.atlas */ = {isa = PBXFileReference; lastKnownFileType = folder.skatlas; path = ShotDefended.atlas; sourceTree = "<group>"; };
		5289B84D1BE0068600CA6C2D /* darkness.png */ = {isa = PBXFileReference; lastKnownFileType = image.png; path = darkness.png; sourceTree = "<group>"; };
		52C376F51BC441190012BC96 /* TBShotNode.swift */ = {isa = PBXFileReference; fileEncoding = 4; lastKnownFileType = sourcecode.swift; path = TBShotNode.swift; sourceTree = "<group>"; };
		52C376F71BC4482D0012BC96 /* TBFlyingBotNode.swift */ = {isa = PBXFileReference; fileEncoding = 4; lastKnownFileType = sourcecode.swift; path = TBFlyingBotNode.swift; sourceTree = "<group>"; };
		52C376F91BC44E4B0012BC96 /* TBFlyingBotEntity.swift */ = {isa = PBXFileReference; fileEncoding = 4; lastKnownFileType = sourcecode.swift; path = TBFlyingBotEntity.swift; sourceTree = "<group>"; };
		52C376FB1BC44E7E0012BC96 /* TBFlying.swift */ = {isa = PBXFileReference; fileEncoding = 4; lastKnownFileType = sourcecode.swift; path = TBFlying.swift; sourceTree = "<group>"; };
		52CABF6D1BF13171008670B9 /* TBShotBotNode.swift */ = {isa = PBXFileReference; fileEncoding = 4; lastKnownFileType = sourcecode.swift; path = TBShotBotNode.swift; sourceTree = "<group>"; };
		52E75DBB1BDEAC3200F91E00 /* TBMoedasNode.swift */ = {isa = PBXFileReference; fileEncoding = 4; lastKnownFileType = sourcecode.swift; path = TBMoedasNode.swift; sourceTree = "<group>"; };
		52E75DBD1BDEAC5000F91E00 /* PlayerDefence.atlas */ = {isa = PBXFileReference; lastKnownFileType = folder.skatlas; path = PlayerDefence.atlas; sourceTree = "<group>"; };
		52E75DBF1BDEAC5700F91E00 /* Moedas.Atlas */ = {isa = PBXFileReference; lastKnownFileType = folder.skatlas; path = Moedas.Atlas; sourceTree = "<group>"; };
		52E75DC11BDEAC6900F91E00 /* GroundMonster.atlas */ = {isa = PBXFileReference; lastKnownFileType = folder.skatlas; path = GroundMonster.atlas; sourceTree = "<group>"; };
		52E75DC31BDEAD0300F91E00 /* Move_Ya.mp3 */ = {isa = PBXFileReference; lastKnownFileType = audio.mp3; path = Move_Ya.mp3; sourceTree = "<group>"; };
		52E7AEB01BBEFA52008FE672 /* GameSceneTestEnemy.swift */ = {isa = PBXFileReference; fileEncoding = 4; lastKnownFileType = sourcecode.swift; path = GameSceneTestEnemy.swift; sourceTree = "<group>"; };
		52E7AEB21BBEFEF6008FE672 /* TBPlayerEntity.swift */ = {isa = PBXFileReference; fileEncoding = 4; lastKnownFileType = sourcecode.swift; path = TBPlayerEntity.swift; sourceTree = "<group>"; };
		52E7AEB41BBF0227008FE672 /* TBGroundBotNode.swift */ = {isa = PBXFileReference; fileEncoding = 4; lastKnownFileType = sourcecode.swift; path = TBGroundBotNode.swift; sourceTree = "<group>"; };
		52E7AEB61BBF0286008FE672 /* TBGroundBotEntity.swift */ = {isa = PBXFileReference; fileEncoding = 4; lastKnownFileType = sourcecode.swift; path = TBGroundBotEntity.swift; sourceTree = "<group>"; };
		52E7AEB81BBF06D2008FE672 /* TBGroundBotAtack.swift */ = {isa = PBXFileReference; fileEncoding = 4; lastKnownFileType = sourcecode.swift; path = TBGroundBotAtack.swift; sourceTree = "<group>"; };
		52EF6EE11BF51FF600780377 /* ShooterBot2.atlas */ = {isa = PBXFileReference; lastKnownFileType = folder.skatlas; path = ShooterBot2.atlas; sourceTree = "<group>"; };
		52EF6EE31BF52F4700780377 /* TBMonsterProtocol.swift */ = {isa = PBXFileReference; fileEncoding = 4; lastKnownFileType = sourcecode.swift; path = TBMonsterProtocol.swift; sourceTree = "<group>"; };
		52FDE2DD1BF29284003D9A1D /* DieShooterBot.atlas */ = {isa = PBXFileReference; lastKnownFileType = folder.skatlas; path = DieShooterBot.atlas; sourceTree = "<group>"; };
		AF0A27231BE00EC80027965B /* ENDZONE.atlas */ = {isa = PBXFileReference; lastKnownFileType = folder.skatlas; path = ENDZONE.atlas; sourceTree = "<group>"; };
		AF0A27241BE00EC80027965B /* EndzoneBack.atlas */ = {isa = PBXFileReference; lastKnownFileType = folder.skatlas; path = EndzoneBack.atlas; sourceTree = "<group>"; };
		AF0A27291BE010E20027965B /* TBFinalNode.swift */ = {isa = PBXFileReference; fileEncoding = 4; lastKnownFileType = sourcecode.swift; path = TBFinalNode.swift; sourceTree = "<group>"; };
		AF2A3E441BD85D19001DA3DB /* TBUtils.swift */ = {isa = PBXFileReference; fileEncoding = 4; lastKnownFileType = sourcecode.swift; path = TBUtils.swift; sourceTree = "<group>"; };
		AF2A3E461BD85D47001DA3DB /* TBEspinhosNode.swift */ = {isa = PBXFileReference; fileEncoding = 4; lastKnownFileType = sourcecode.swift; path = TBEspinhosNode.swift; sourceTree = "<group>"; };
		AF9061211BE290AE00C61746 /* PlayerDeath.atlas */ = {isa = PBXFileReference; lastKnownFileType = folder.skatlas; path = PlayerDeath.atlas; sourceTree = "<group>"; };
		AF9061231BE291C400C61746 /* MonsterDeath.atlas */ = {isa = PBXFileReference; lastKnownFileType = folder.skatlas; path = MonsterDeath.atlas; sourceTree = "<group>"; };
		AFE7EF691BF3B0C200C99A94 /* libFlurry_7.3.0.a */ = {isa = PBXFileReference; lastKnownFileType = archive.ar; path = libFlurry_7.3.0.a; sourceTree = "<group>"; };
		AFE7EF6A1BF3B0C200C99A94 /* Flurry.h */ = {isa = PBXFileReference; fileEncoding = 4; lastKnownFileType = sourcecode.c.h; path = Flurry.h; sourceTree = "<group>"; };
		AFE7EF6C1BF3B65B00C99A94 /* Security.framework */ = {isa = PBXFileReference; lastKnownFileType = wrapper.framework; name = Security.framework; path = System/Library/Frameworks/Security.framework; sourceTree = SDKROOT; };
		AFE7EF6E1BF3B67000C99A94 /* SystemConfiguration.framework */ = {isa = PBXFileReference; lastKnownFileType = wrapper.framework; name = SystemConfiguration.framework; path = System/Library/Frameworks/SystemConfiguration.framework; sourceTree = SDKROOT; };
		AFE7EF701BF3B6DC00C99A94 /* TheBugger-Bridging-Header.h */ = {isa = PBXFileReference; lastKnownFileType = sourcecode.c.h; path = "TheBugger-Bridging-Header.h"; sourceTree = "<group>"; };
		AFE7EF771BF3C7BC00C99A94 /* PlayerAir.atlas */ = {isa = PBXFileReference; lastKnownFileType = folder.skatlas; path = PlayerAir.atlas; sourceTree = "<group>"; };
		AFE7EF8F1BF3D59A00C99A94 /* SelectLevelScene.sks */ = {isa = PBXFileReference; lastKnownFileType = file.sks; path = SelectLevelScene.sks; sourceTree = "<group>"; };
		AFEF5C401BC44E3B003273FF /* PlayerFall.atlas */ = {isa = PBXFileReference; lastKnownFileType = folder.skatlas; path = PlayerFall.atlas; sourceTree = "<group>"; };
		AFF489ED1BD56D8700463411 /* PlayerAttack.atlas */ = {isa = PBXFileReference; lastKnownFileType = folder.skatlas; path = PlayerAttack.atlas; sourceTree = "<group>"; };
		AFF489EE1BD56D8700463411 /* PlayerDash.atlas */ = {isa = PBXFileReference; lastKnownFileType = folder.skatlas; path = PlayerDash.atlas; sourceTree = "<group>"; };
		AFF489EF1BD56D8700463411 /* PlayerJump.atlas */ = {isa = PBXFileReference; lastKnownFileType = folder.skatlas; path = PlayerJump.atlas; sourceTree = "<group>"; };
		AFF489F01BD56D8700463411 /* PlayerRun.atlas */ = {isa = PBXFileReference; lastKnownFileType = folder.skatlas; path = PlayerRun.atlas; sourceTree = "<group>"; };
/* End PBXFileReference section */

/* Begin PBXFrameworksBuildPhase section */
		00CDBE851BB9B39000BC0517 /* Frameworks */ = {
			isa = PBXFrameworksBuildPhase;
			buildActionMask = 2147483647;
			files = (
				AFE7EF6F1BF3B67000C99A94 /* SystemConfiguration.framework in Frameworks */,
				AFE7EF6D1BF3B65B00C99A94 /* Security.framework in Frameworks */,
				AFE7EF6B1BF3B0C200C99A94 /* libFlurry_7.3.0.a in Frameworks */,
			);
			runOnlyForDeploymentPostprocessing = 0;
		};
		00CDBE9D1BB9B39100BC0517 /* Frameworks */ = {
			isa = PBXFrameworksBuildPhase;
			buildActionMask = 2147483647;
			files = (
			);
			runOnlyForDeploymentPostprocessing = 0;
		};
		00CDBEA81BB9B39100BC0517 /* Frameworks */ = {
			isa = PBXFrameworksBuildPhase;
			buildActionMask = 2147483647;
			files = (
			);
			runOnlyForDeploymentPostprocessing = 0;
		};
/* End PBXFrameworksBuildPhase section */

/* Begin PBXGroup section */
		001E557D1BD8221600B80833 /* Cenario */ = {
			isa = PBXGroup;
			children = (
				AF0A27231BE00EC80027965B /* ENDZONE.atlas */,
				AF0A27241BE00EC80027965B /* EndzoneBack.atlas */,
				0022C04D1BE2A95800A184D5 /* pixels.atlas */,
				5289B84D1BE0068600CA6C2D /* darkness.png */,
				001E557E1BD8221600B80833 /* Animateds */,
				001E55951BD8221600B80833 /* Paralax0 */,
				001E559A1BD8221600B80833 /* Paralax2 */,
				001E559D1BD8221600B80833 /* Plataformas */,
				001E55AF1BD8221600B80833 /* sky.png */,
			);
			path = Cenario;
			sourceTree = "<group>";
		};
		001E557E1BD8221600B80833 /* Animateds */ = {
			isa = PBXGroup;
			children = (
				008698AD1BE94DA900EE80F2 /* Alert.atlas */,
				008698AE1BE94DA900EE80F2 /* Machine.atlas */,
				008698AF1BE94DA900EE80F2 /* signal.atlas */,
				008698B01BE94DA900EE80F2 /* speedbooster.atlas */,
			);
			path = Animateds;
			sourceTree = "<group>";
		};
		001E55951BD8221600B80833 /* Paralax0 */ = {
			isa = PBXGroup;
			children = (
				001E55961BD8221600B80833 /* cable.png */,
				001E55971BD8221600B80833 /* estrutura2.png */,
				001E55981BD8221600B80833 /* structure1.png */,
				001E55991BD8221600B80833 /* structure2.png */,
			);
			path = Paralax0;
			sourceTree = "<group>";
		};
		001E559A1BD8221600B80833 /* Paralax2 */ = {
			isa = PBXGroup;
			children = (
				001E559B1BD8221600B80833 /* base floor.png */,
				001E559C1BD8221600B80833 /* plataforma-01.png */,
			);
			path = Paralax2;
			sourceTree = "<group>";
		};
		001E559D1BD8221600B80833 /* Plataformas */ = {
			isa = PBXGroup;
			children = (
				521269451BDACCEC00B5FB2E /* edge2.png */,
				521269431BDACCE100B5FB2E /* edge1.png */,
				001E559E1BD8221600B80833 /* collision plataform */,
				001E55AA1BD8221600B80833 /* estructure1.png */,
				001E55AB1BD8221600B80833 /* estructure2.png */,
				001E55AC1BD8221600B80833 /* estructure3.png */,
				001E55AD1BD8221600B80833 /* redlight-01.png */,
				001E55AE1BD8221600B80833 /* texture.png */,
			);
			path = Plataformas;
			sourceTree = "<group>";
		};
		001E559E1BD8221600B80833 /* collision plataform */ = {
			isa = PBXGroup;
			children = (
				52714B721BDE787C006200A1 /* metalblocksm-1.png */,
				52714B701BDE7875006200A1 /* metalbolcklg-1.png */,
				001E559F1BD8221600B80833 /* BaseA.png */,
				001E55A01BD8221600B80833 /* BaseB.png */,
				00F6CFD31BDE9777006F0302 /* blocksmg-01.png */,
				001E55A11BD8221600B80833 /* BaseD.png */,
				001E55A21BD8221600B80833 /* machine-01.png */,
				001E55A31BD8221600B80833 /* plataformmd.png */,
				001E55A41BD8221600B80833 /* plataformsm.png */,
				001E55A51BD8221600B80833 /* plataformsm2.png */,
				001E55A61BD8221600B80833 /* prataformlg.png */,
				001E55A71BD8221600B80833 /* roof.png */,
				001E55A81BD8221600B80833 /* roofend1.png */,
				001E55A91BD8221600B80833 /* roofend2.png */,
			);
			path = "collision plataform";
			sourceTree = "<group>";
		};
		0022C01E1BE2A44200A184D5 /* Tutorial  */ = {
			isa = PBXGroup;
			children = (
				0022C01F1BE2A44200A184D5 /* AttackTutorial.atlas */,
				0022C0201BE2A44200A184D5 /* attacktxt.png */,
				0022C0221BE2A44200A184D5 /* JumpTutorial.atlas */,
				0022C0231BE2A44200A184D5 /* jumptxt.png */,
				0022C0241BE2A44300A184D5 /* SlideFrontTutorial.atlas */,
				0022C0251BE2A44300A184D5 /* slidetxt.png */,
				0022C0261BE2A44300A184D5 /* SlideUpTutorial.atlas */,
				0022C0271BE2A44300A184D5 /* TapTutorial.atlas */,
				0022C0281BE2A44300A184D5 /* taptxt.png */,
			);
			path = "Tutorial ";
			sourceTree = "<group>";
		};
		0092211D1BF11333007C7DDC /* Infertace */ = {
			isa = PBXGroup;
			children = (
				00648CAD1BF27CE900C1F906 /* selected.png */,
				00648CAE1BF27CE900C1F906 /* unselected.png */,
				0092216C1BF138E6007C7DDC /* back-estagio.png */,
				009221641BF12EFE007C7DDC /* cabos-1.png */,
				009221651BF12EFE007C7DDC /* cabos-2.png */,
				009221661BF12EFE007C7DDC /* cabos-3.png */,
				009221671BF12EFE007C7DDC /* cabos-4.png */,
				00F6CFE11BDEBF6A006F0302 /* play_off.png */,
				00F6CFE31BDEBF74006F0302 /* play_on.png */,
				00F6CFD91BDEAAD5006F0302 /* icon app.png */,
				0002CE841BF50B1A00FDE20A /* back-1.png */,
				0002CE851BF50B1A00FDE20A /* back-2.png */,
				0002CE861BF50B1A00FDE20A /* back-3.png */,
				0002CE8A1BF5171000FDE20A /* set-1.png */,
				0002CE8B1BF5171000FDE20A /* set-2.png */,
				0002CE8C1BF5171000FDE20A /* set-3.png */,
				0002CE8D1BF5171000FDE20A /* set-4.png */,
				0002CE8E1BF5171000FDE20A /* set-5.png */,
				0002CE8F1BF5171000FDE20A /* set-6.png */,
				009221621BF12D10007C7DDC /* estagioSelect.atlas */,
				0092215E1BF11AAE007C7DDC /* efeitoCima.atlas */,
				0092214A1BF11863007C7DDC /* enfeiteCima-1.png */,
				0092214B1BF11863007C7DDC /* enfeiteCima-2.png */,
				0092214C1BF11863007C7DDC /* enfeiteCima-3.png */,
				0092214D1BF11863007C7DDC /* enfeiteCima-4.png */,
				0092214E1BF11863007C7DDC /* enfeiteCima-5.png */,
				009221541BF1187E007C7DDC /* enfeiteBaixo-1.png */,
				009221551BF1187E007C7DDC /* enfeiteBaixo-2.png */,
				009221561BF1187E007C7DDC /* enfeiteBaixo-3.png */,
				009221571BF1187E007C7DDC /* enfeiteBaixo-4.png */,
				0092215C1BF11A88007C7DDC /* efeitoBaixo.atlas */,
			);
			name = Infertace;
			sourceTree = "<group>";
		};
		009CAFE11BF10C2D003BA434 /* selectLevel */ = {
			isa = PBXGroup;
			children = (
				009CAFE41BF10DD6003BA434 /* SelectLevelScene.swift */,
				AFE7EF8F1BF3D59A00C99A94 /* SelectLevelScene.sks */,
			);
			name = selectLevel;
			sourceTree = "<group>";
		};
		00CDBE7F1BB9B39000BC0517 = {
			isa = PBXGroup;
			children = (
				AFE7EF701BF3B6DC00C99A94 /* TheBugger-Bridging-Header.h */,
				00CDBE8A1BB9B39000BC0517 /* TheBuggger */,
				00CDBEA31BB9B39100BC0517 /* TheBugggerTests */,
				00CDBEAE1BB9B39100BC0517 /* TheBugggerUITests */,
				00CDBE891BB9B39000BC0517 /* Products */,
				008698B71BE94FCC00EE80F2 /* TBSignalNode.swift */,
			);
			sourceTree = "<group>";
		};
		00CDBE891BB9B39000BC0517 /* Products */ = {
			isa = PBXGroup;
			children = (
				00CDBE881BB9B39000BC0517 /* TheBuggger.app */,
				00CDBEA01BB9B39100BC0517 /* TheBugggerTests.xctest */,
				00CDBEAB1BB9B39100BC0517 /* TheBugggerUITests.xctest */,
			);
			name = Products;
			sourceTree = "<group>";
		};
		00CDBE8A1BB9B39000BC0517 /* TheBuggger */ = {
			isa = PBXGroup;
			children = (
				AFE7EF681BF3B0AE00C99A94 /* Analytics */,
				00CDBE8B1BB9B39000BC0517 /* AppDelegate.swift */,
				00CDBE981BB9B39000BC0517 /* LaunchScreen.storyboard */,
				00CDBE931BB9B39000BC0517 /* Main.storyboard */,
				00CDBE9B1BB9B39000BC0517 /* Info.plist */,
				00CDBEC91BBD9F8800BC0517 /* Controllers */,
				00CDBEC11BB9FE3700BC0517 /* Scenes */,
				00CDBEC21BBD9E9F00BC0517 /* Entities */,
				00CDBEC31BBD9EBB00BC0517 /* Components */,
				00CDBEC61BBD9EE600BC0517 /* Nodes */,
				00CDBEC51BBD9ED200BC0517 /* Behaviors */,
				00CDBEC41BBD9ECA00BC0517 /* Rules */,
				00CDBEC81BBD9F4900BC0517 /* Utils */,
				00CDBEC71BBD9EEC00BC0517 /* Assets */,
			);
			path = TheBuggger;
			sourceTree = "<group>";
		};
		00CDBEA31BB9B39100BC0517 /* TheBugggerTests */ = {
			isa = PBXGroup;
			children = (
				00CDBEA41BB9B39100BC0517 /* TheBugggerTests.swift */,
				00CDBEA61BB9B39100BC0517 /* Info.plist */,
			);
			path = TheBugggerTests;
			sourceTree = "<group>";
		};
		00CDBEAE1BB9B39100BC0517 /* TheBugggerUITests */ = {
			isa = PBXGroup;
			children = (
				00CDBEAF1BB9B39100BC0517 /* TheBugggerUITests.swift */,
				00CDBEB11BB9B39100BC0517 /* Info.plist */,
			);
			path = TheBugggerUITests;
			sourceTree = "<group>";
		};
		00CDBEC11BB9FE3700BC0517 /* Scenes */ = {
			isa = PBXGroup;
			children = (
				009CAFE11BF10C2D003BA434 /* selectLevel */,
				00CDBE8F1BB9B39000BC0517 /* GameScene.swift */,
				00CDBECA1BBD9FD100BC0517 /* Level 1 */,
				52E7AEAD1BBEF81D008FE672 /* Level 2 */,
			);
			name = Scenes;
			sourceTree = "<group>";
		};
		00CDBEC21BBD9E9F00BC0517 /* Entities */ = {
			isa = PBXGroup;
			children = (
				52E7AEB21BBEFEF6008FE672 /* TBPlayerEntity.swift */,
				52E7AEB61BBF0286008FE672 /* TBGroundBotEntity.swift */,
				52C376F91BC44E4B0012BC96 /* TBFlyingBotEntity.swift */,
			);
			name = Entities;
			sourceTree = "<group>";
		};
		00CDBEC31BBD9EBB00BC0517 /* Components */ = {
			isa = PBXGroup;
			children = (
				52E7AEB81BBF06D2008FE672 /* TBGroundBotAtack.swift */,
				52C376FB1BC44E7E0012BC96 /* TBFlying.swift */,
			);
			name = Components;
			sourceTree = "<group>";
		};
		00CDBEC41BBD9ECA00BC0517 /* Rules */ = {
			isa = PBXGroup;
			children = (
			);
			name = Rules;
			sourceTree = "<group>";
		};
		00CDBEC51BBD9ED200BC0517 /* Behaviors */ = {
			isa = PBXGroup;
			children = (
			);
			name = Behaviors;
			sourceTree = "<group>";
		};
		00CDBEC61BBD9EE600BC0517 /* Nodes */ = {
			isa = PBXGroup;
			children = (
				00BE1EF01BF8C43300F091B9 /* TBPowerUpNode.swift */,
				00AC3AC01BEA83EA00323B6D /* TBRedLightEffect.swift */,
				00C0FCE11BE9495800F8C730 /* TBBrilhoNode.swift */,
				00C0FCE31BE94AEF00F8C730 /* TBMachineFrontNode.swift */,
				52E75DBB1BDEAC3200F91E00 /* TBMoedasNode.swift */,
				002FD8151BF66235003514A4 /* TBBitNode.swift */,
				000D09D81BBEF31100631559 /* TBPlayerNode.swift */,
				52EF6EE31BF52F4700780377 /* TBMonsterProtocol.swift */,
				52E7AEB41BBF0227008FE672 /* TBGroundBotNode.swift */,
				52C376F51BC441190012BC96 /* TBShotNode.swift */,
				52C376F71BC4482D0012BC96 /* TBFlyingBotNode.swift */,
				009018BF1BCD8897002AABC7 /* TBChangeSpeedGround.swift */,
				AF2A3E461BD85D47001DA3DB /* TBEspinhosNode.swift */,
				AF0A27291BE010E20027965B /* TBFinalNode.swift */,
				00DCF2D71BE15213006F9F86 /* TBTutorialNodes.swift */,
				008698B51BE94F7A00EE80F2 /* TBAlertNode.swift */,
				008698B91BE9503200EE80F2 /* TBSignalNode.swift */,
				52CABF6D1BF13171008670B9 /* TBShotBotNode.swift */,
			);
			name = Nodes;
			sourceTree = "<group>";
		};
		00CDBEC71BBD9EEC00BC0517 /* Assets */ = {
			isa = PBXGroup;
			children = (
				002FD8131BF661B3003514A4 /* bits.atlas */,
				002FD8111BF6597D003514A4 /* back-hud.png */,
				0002CE701BF3D0CD00FDE20A /* heroDashPhysicsBody.png */,
				009221601BF1269F007C7DDC /* Squares Bold Free.otf */,
				0092211D1BF11333007C7DDC /* Infertace */,
				52EF6EE11BF51FF600780377 /* ShooterBot2.atlas */,
				5279DD2F1BF3DF5400E61727 /* ShotDefended.atlas */,
				5279DD2D1BF3DBFE00E61727 /* RepousoShotBot.atlas */,
				5279DD2B1BF3DBC800E61727 /* ShooterBot.atlas */,
				5279DD251BF3C75500E61727 /* Shot.atlas */,
				52FDE2DD1BF29284003D9A1D /* DieShooterBot.atlas */,
				00AC3ABE1BEA7EAB00323B6D /* smoke1.png */,
				00AC3ACC1BEA909F00323B6D /* PlayerStop.atlas */,
				003B72FC1BEA7BEF00CD8F0E /* redlight2.atlas */,
				003B72F21BEA71AA00CD8F0E /* Paralax2.atlas */,
				008698BD1BE9519200EE80F2 /* Espinhos.atlas */,
				0022C01E1BE2A44200A184D5 /* Tutorial  */,
				009CAFD21BED4297003BA434 /* heroPhysicsBody.png */,
				002FD80F1BF650D0003514A4 /* pt-hud.png */,
				52E75DC31BDEAD0300F91E00 /* Move_Ya.mp3 */,
				52E75DC11BDEAC6900F91E00 /* GroundMonster.atlas */,
				AF9061231BE291C400C61746 /* MonsterDeath.atlas */,
				52E75DBF1BDEAC5700F91E00 /* Moedas.Atlas */,
				52E75DBD1BDEAC5000F91E00 /* PlayerDefence.atlas */,
				001E55791BD6DA0C00B80833 /* power1.png */,
				002FD80D1BF6508A003514A4 /* startCount.atlas */,
				009CAFD01BED305E003BA434 /* PlayerAttack2.atlas */,
				001E557D1BD8221600B80833 /* Cenario */,
				AF9061211BE290AE00C61746 /* PlayerDeath.atlas */,
				AFF489ED1BD56D8700463411 /* PlayerAttack.atlas */,
				AFF489EE1BD56D8700463411 /* PlayerDash.atlas */,
				AFF489EF1BD56D8700463411 /* PlayerJump.atlas */,
				AFF489F01BD56D8700463411 /* PlayerRun.atlas */,
				AFE7EF771BF3C7BC00C99A94 /* PlayerAir.atlas */,
				AFEF5C401BC44E3B003273FF /* PlayerFall.atlas */,
				00CDBE961BB9B39000BC0517 /* Assets.xcassets */,
			);
			name = Assets;
			sourceTree = "<group>";
		};
		00CDBEC81BBD9F4900BC0517 /* Utils */ = {
			isa = PBXGroup;
			children = (
				00CDBEBF1BB9CC3100BC0517 /* TBGestureReconizer.swift */,
				009018B91BC82F63002AABC7 /* TBPowerUpsStates.swift */,
				AF2A3E441BD85D19001DA3DB /* TBUtils.swift */,
			);
			name = Utils;
			sourceTree = "<group>";
		};
		00CDBEC91BBD9F8800BC0517 /* Controllers */ = {
			isa = PBXGroup;
			children = (
				00648CAB1BF27BB600C1F906 /* TBRadioButton.swift */,
				00F6CFDB1BDEAB8C006F0302 /* TBMenuController.swift */,
				00648CB11BF2849D00C1F906 /* TBOptionsViewController.swift */,
				00CDBE911BB9B39000BC0517 /* GameViewController.swift */,
			);
			name = Controllers;
			sourceTree = "<group>";
		};
		00CDBECA1BBD9FD100BC0517 /* Level 1 */ = {
			isa = PBXGroup;
			children = (
				00BE1EEE1BF8C26600F091B9 /* Level1Scene.sks */,
				0095E71A1BFA509400582387 /* Level2Scene.sks */,
				00BE1EEC1BF8C24600F091B9 /* Level3Scene.sks */,
				0095E71C1BFA509D00582387 /* Level4Scene.sks */,
			);
			name = "Level 1";
			sourceTree = "<group>";
		};
		52E7AEAD1BBEF81D008FE672 /* Level 2 */ = {
			isa = PBXGroup;
			children = (
				52E7AEB01BBEFA52008FE672 /* GameSceneTestEnemy.swift */,
			);
			name = "Level 2";
			sourceTree = "<group>";
		};
		AFE7EF681BF3B0AE00C99A94 /* Analytics */ = {
			isa = PBXGroup;
			children = (
				AFE7EF6E1BF3B67000C99A94 /* SystemConfiguration.framework */,
				AFE7EF6C1BF3B65B00C99A94 /* Security.framework */,
				AFE7EF691BF3B0C200C99A94 /* libFlurry_7.3.0.a */,
				AFE7EF6A1BF3B0C200C99A94 /* Flurry.h */,
			);
			name = Analytics;
			sourceTree = "<group>";
		};
/* End PBXGroup section */

/* Begin PBXNativeTarget section */
		00CDBE871BB9B39000BC0517 /* TheBuggger */ = {
			isa = PBXNativeTarget;
			buildConfigurationList = 00CDBEB41BB9B39100BC0517 /* Build configuration list for PBXNativeTarget "TheBuggger" */;
			buildPhases = (
				00CDBE841BB9B39000BC0517 /* Sources */,
				00CDBE851BB9B39000BC0517 /* Frameworks */,
				00CDBE861BB9B39000BC0517 /* Resources */,
			);
			buildRules = (
			);
			dependencies = (
			);
			name = TheBuggger;
			productName = TheBuggger;
			productReference = 00CDBE881BB9B39000BC0517 /* TheBuggger.app */;
			productType = "com.apple.product-type.application";
		};
		00CDBE9F1BB9B39100BC0517 /* TheBugggerTests */ = {
			isa = PBXNativeTarget;
			buildConfigurationList = 00CDBEB71BB9B39100BC0517 /* Build configuration list for PBXNativeTarget "TheBugggerTests" */;
			buildPhases = (
				00CDBE9C1BB9B39100BC0517 /* Sources */,
				00CDBE9D1BB9B39100BC0517 /* Frameworks */,
				00CDBE9E1BB9B39100BC0517 /* Resources */,
			);
			buildRules = (
			);
			dependencies = (
				00CDBEA21BB9B39100BC0517 /* PBXTargetDependency */,
			);
			name = TheBugggerTests;
			productName = TheBugggerTests;
			productReference = 00CDBEA01BB9B39100BC0517 /* TheBugggerTests.xctest */;
			productType = "com.apple.product-type.bundle.unit-test";
		};
		00CDBEAA1BB9B39100BC0517 /* TheBugggerUITests */ = {
			isa = PBXNativeTarget;
			buildConfigurationList = 00CDBEBA1BB9B39100BC0517 /* Build configuration list for PBXNativeTarget "TheBugggerUITests" */;
			buildPhases = (
				00CDBEA71BB9B39100BC0517 /* Sources */,
				00CDBEA81BB9B39100BC0517 /* Frameworks */,
				00CDBEA91BB9B39100BC0517 /* Resources */,
			);
			buildRules = (
			);
			dependencies = (
				00CDBEAD1BB9B39100BC0517 /* PBXTargetDependency */,
			);
			name = TheBugggerUITests;
			productName = TheBugggerUITests;
			productReference = 00CDBEAB1BB9B39100BC0517 /* TheBugggerUITests.xctest */;
			productType = "com.apple.product-type.bundle.ui-testing";
		};
/* End PBXNativeTarget section */

/* Begin PBXProject section */
		00CDBE801BB9B39000BC0517 /* Project object */ = {
			isa = PBXProject;
			attributes = {
				LastUpgradeCheck = 0700;
				ORGANIZATIONNAME = rfccg;
				TargetAttributes = {
					00CDBE871BB9B39000BC0517 = {
						CreatedOnToolsVersion = 7.0;
						DevelopmentTeam = 46HQV8ZA5C;
					};
					00CDBE9F1BB9B39100BC0517 = {
						CreatedOnToolsVersion = 7.0;
						TestTargetID = 00CDBE871BB9B39000BC0517;
					};
					00CDBEAA1BB9B39100BC0517 = {
						CreatedOnToolsVersion = 7.0;
						TestTargetID = 00CDBE871BB9B39000BC0517;
					};
				};
			};
			buildConfigurationList = 00CDBE831BB9B39000BC0517 /* Build configuration list for PBXProject "TheBuggger" */;
			compatibilityVersion = "Xcode 3.2";
			developmentRegion = English;
			hasScannedForEncodings = 0;
			knownRegions = (
				en,
				Base,
			);
			mainGroup = 00CDBE7F1BB9B39000BC0517;
			productRefGroup = 00CDBE891BB9B39000BC0517 /* Products */;
			projectDirPath = "";
			projectRoot = "";
			targets = (
				00CDBE871BB9B39000BC0517 /* TheBuggger */,
				00CDBE9F1BB9B39100BC0517 /* TheBugggerTests */,
				00CDBEAA1BB9B39100BC0517 /* TheBugggerUITests */,
			);
		};
/* End PBXProject section */

/* Begin PBXResourcesBuildPhase section */
		00CDBE861BB9B39000BC0517 /* Resources */ = {
			isa = PBXResourcesBuildPhase;
			buildActionMask = 2147483647;
			files = (
				009221611BF128CE007C7DDC /* Squares Bold Free.otf in Resources */,
				009221591BF1187E007C7DDC /* enfeiteBaixo-2.png in Resources */,
				008698B11BE94DA900EE80F2 /* Alert.atlas in Resources */,
				001E55C21BD8221600B80833 /* cable.png in Resources */,
				521269461BDACCEC00B5FB2E /* edge2.png in Resources */,
				0002CE881BF50B1A00FDE20A /* back-2.png in Resources */,
				0092216B1BF12EFE007C7DDC /* cabos-4.png in Resources */,
				001E55D31BD8221600B80833 /* estructure1.png in Resources */,
				5279DD2C1BF3DBC800E61727 /* ShooterBot.atlas in Resources */,
				00F6CFE21BDEBF6A006F0302 /* play_off.png in Resources */,
				00CDBE9A1BB9B39000BC0517 /* LaunchScreen.storyboard in Resources */,
				0092214F1BF11863007C7DDC /* enfeiteCima-1.png in Resources */,
				009221501BF11863007C7DDC /* enfeiteCima-2.png in Resources */,
				009221511BF11863007C7DDC /* enfeiteCima-3.png in Resources */,
				002FD8141BF661B3003514A4 /* bits.atlas in Resources */,
				009221521BF11863007C7DDC /* enfeiteCima-4.png in Resources */,
				009221681BF12EFE007C7DDC /* cabos-1.png in Resources */,
				009221531BF11863007C7DDC /* enfeiteCima-5.png in Resources */,
				001E55CB1BD8221600B80833 /* machine-01.png in Resources */,
				0092215D1BF11A88007C7DDC /* efeitoBaixo.atlas in Resources */,
				00BE1EED1BF8C24600F091B9 /* Level3Scene.sks in Resources */,
				0002CE941BF5171000FDE20A /* set-5.png in Resources */,
				001E557A1BD6DA0C00B80833 /* power1.png in Resources */,
				00CDBE971BB9B39000BC0517 /* Assets.xcassets in Resources */,
				5279DD301BF3DF5400E61727 /* ShotDefended.atlas in Resources */,
				00F6CFDA1BDEAAD5006F0302 /* icon app.png in Resources */,
				0022C0291BE2A44300A184D5 /* AttackTutorial.atlas in Resources */,
				009CAFD11BED305E003BA434 /* PlayerAttack2.atlas in Resources */,
				52EF6EE21BF51FF600780377 /* ShooterBot2.atlas in Resources */,
				0022C0321BE2A44300A184D5 /* taptxt.png in Resources */,
				00AC3ABF1BEA7EAB00323B6D /* smoke1.png in Resources */,
				AF9061241BE291C400C61746 /* MonsterDeath.atlas in Resources */,
				001E55C91BD8221600B80833 /* BaseB.png in Resources */,
				001E55CD1BD8221600B80833 /* plataformsm.png in Resources */,
				52FDE2DE1BF29285003D9A1D /* DieShooterBot.atlas in Resources */,
				00AC3ACD1BEA909F00323B6D /* PlayerStop.atlas in Resources */,
				AF0A27251BE00EC80027965B /* ENDZONE.atlas in Resources */,
				5279DD261BF3C75500E61727 /* Shot.atlas in Resources */,
				001E55CA1BD8221600B80833 /* BaseD.png in Resources */,
				0022C04E1BE2A95800A184D5 /* pixels.atlas in Resources */,
				001E55C41BD8221600B80833 /* structure1.png in Resources */,
				0002CE891BF50B1A00FDE20A /* back-3.png in Resources */,
				0022C02A1BE2A44300A184D5 /* attacktxt.png in Resources */,
				5279DD2E1BF3DBFE00E61727 /* RepousoShotBot.atlas in Resources */,
				001E55CC1BD8221600B80833 /* plataformmd.png in Resources */,
				AF9061221BE290AE00C61746 /* PlayerDeath.atlas in Resources */,
				002FD8121BF6597D003514A4 /* back-hud.png in Resources */,
				001E55D51BD8221600B80833 /* estructure3.png in Resources */,
				AFE7EF781BF3C7BC00C99A94 /* PlayerAir.atlas in Resources */,
				001E55C31BD8221600B80833 /* estrutura2.png in Resources */,
				AF0A27261BE00EC80027965B /* EndzoneBack.atlas in Resources */,
				008698B21BE94DA900EE80F2 /* Machine.atlas in Resources */,
				0002CE931BF5171000FDE20A /* set-4.png in Resources */,
				008698B41BE94DA900EE80F2 /* speedbooster.atlas in Resources */,
				0002CE951BF5171000FDE20A /* set-6.png in Resources */,
				52714B711BDE7875006200A1 /* metalbolcklg-1.png in Resources */,
				00F6CFE41BDEBF74006F0302 /* play_on.png in Resources */,
				002FD8101BF650D0003514A4 /* pt-hud.png in Resources */,
				5289B84E1BE0068600CA6C2D /* darkness.png in Resources */,
				521269441BDACCE100B5FB2E /* edge1.png in Resources */,
				AFF489F41BD56D8700463411 /* PlayerRun.atlas in Resources */,
				0022C02C1BE2A44300A184D5 /* JumpTutorial.atlas in Resources */,
				0095E71B1BFA509400582387 /* Level2Scene.sks in Resources */,
				0022C02D1BE2A44300A184D5 /* jumptxt.png in Resources */,
				001E55D01BD8221600B80833 /* roof.png in Resources */,
				003B72F31BEA71AA00CD8F0E /* Paralax2.atlas in Resources */,
				001E55D81BD8221600B80833 /* sky.png in Resources */,
				52E75DC21BDEAC6900F91E00 /* GroundMonster.atlas in Resources */,
				AFE7EF901BF3D59A00C99A94 /* SelectLevelScene.sks in Resources */,
				001E55C71BD8221600B80833 /* plataforma-01.png in Resources */,
				002FD80E1BF6508A003514A4 /* startCount.atlas in Resources */,
				0002CE871BF50B1A00FDE20A /* back-1.png in Resources */,
				0092216D1BF138E6007C7DDC /* back-estagio.png in Resources */,
				001E55CE1BD8221600B80833 /* plataformsm2.png in Resources */,
				00648CB01BF27CE900C1F906 /* unselected.png in Resources */,
				009221581BF1187E007C7DDC /* enfeiteBaixo-1.png in Resources */,
				52E75DC01BDEAC5700F91E00 /* Moedas.Atlas in Resources */,
				0092215B1BF1187E007C7DDC /* enfeiteBaixo-4.png in Resources */,
				0002CE921BF5171000FDE20A /* set-3.png in Resources */,
				52714B731BDE787C006200A1 /* metalblocksm-1.png in Resources */,
				0092215F1BF11AAE007C7DDC /* efeitoCima.atlas in Resources */,
				0002CE901BF5171000FDE20A /* set-1.png in Resources */,
				008698B31BE94DA900EE80F2 /* signal.atlas in Resources */,
				001E55C81BD8221600B80833 /* BaseA.png in Resources */,
				00648CAF1BF27CE900C1F906 /* selected.png in Resources */,
				0092216A1BF12EFE007C7DDC /* cabos-3.png in Resources */,
				0092215A1BF1187E007C7DDC /* enfeiteBaixo-3.png in Resources */,
				52E75DC41BDEAD0300F91E00 /* Move_Ya.mp3 in Resources */,
				001E55D41BD8221600B80833 /* estructure2.png in Resources */,
				AFF489F21BD56D8700463411 /* PlayerDash.atlas in Resources */,
				009221631BF12D10007C7DDC /* estagioSelect.atlas in Resources */,
				001E55C61BD8221600B80833 /* base floor.png in Resources */,
				001E55D71BD8221600B80833 /* texture.png in Resources */,
				0022C0301BE2A44300A184D5 /* SlideUpTutorial.atlas in Resources */,
				009CAFD31BED4297003BA434 /* heroPhysicsBody.png in Resources */,
				0002CE911BF5171000FDE20A /* set-2.png in Resources */,
				00F6CFD61BDE9777006F0302 /* blocksmg-01.png in Resources */,
				008698BE1BE9519200EE80F2 /* Espinhos.atlas in Resources */,
				001E55D61BD8221600B80833 /* redlight-01.png in Resources */,
				001E55CF1BD8221600B80833 /* prataformlg.png in Resources */,
				0095E71D1BFA509D00582387 /* Level4Scene.sks in Resources */,
				001E55C51BD8221600B80833 /* structure2.png in Resources */,
				00CDBE951BB9B39000BC0517 /* Main.storyboard in Resources */,
				009221691BF12EFE007C7DDC /* cabos-2.png in Resources */,
				AFF489F31BD56D8700463411 /* PlayerJump.atlas in Resources */,
				001E55D11BD8221600B80833 /* roofend1.png in Resources */,
				0022C02F1BE2A44300A184D5 /* slidetxt.png in Resources */,
				AFEF5C461BC44E3B003273FF /* PlayerFall.atlas in Resources */,
				003B72FD1BEA7BEF00CD8F0E /* redlight2.atlas in Resources */,
				AFF489F11BD56D8700463411 /* PlayerAttack.atlas in Resources */,
				0002CE711BF3D0CD00FDE20A /* heroDashPhysicsBody.png in Resources */,
				001E55D21BD8221600B80833 /* roofend2.png in Resources */,
				00BE1EEF1BF8C26600F091B9 /* Level1Scene.sks in Resources */,
				52E75DBE1BDEAC5000F91E00 /* PlayerDefence.atlas in Resources */,
				0022C02E1BE2A44300A184D5 /* SlideFrontTutorial.atlas in Resources */,
				0022C0311BE2A44300A184D5 /* TapTutorial.atlas in Resources */,
			);
			runOnlyForDeploymentPostprocessing = 0;
		};
		00CDBE9E1BB9B39100BC0517 /* Resources */ = {
			isa = PBXResourcesBuildPhase;
			buildActionMask = 2147483647;
			files = (
			);
			runOnlyForDeploymentPostprocessing = 0;
		};
		00CDBEA91BB9B39100BC0517 /* Resources */ = {
			isa = PBXResourcesBuildPhase;
			buildActionMask = 2147483647;
			files = (
			);
			runOnlyForDeploymentPostprocessing = 0;
		};
/* End PBXResourcesBuildPhase section */

/* Begin PBXSourcesBuildPhase section */
		00CDBE841BB9B39000BC0517 /* Sources */ = {
			isa = PBXSourcesBuildPhase;
			buildActionMask = 2147483647;
			files = (
				002FD8161BF66235003514A4 /* TBBitNode.swift in Sources */,
				00C0FCE21BE9495800F8C730 /* TBBrilhoNode.swift in Sources */,
				008698BA1BE9503200EE80F2 /* TBSignalNode.swift in Sources */,
				00F6CFDC1BDEAB8C006F0302 /* TBMenuController.swift in Sources */,
				009CAFE51BF10DD6003BA434 /* SelectLevelScene.swift in Sources */,
				009018C01BCD8897002AABC7 /* TBChangeSpeedGround.swift in Sources */,
				00648CAC1BF27BB600C1F906 /* TBRadioButton.swift in Sources */,
				52E75DBC1BDEAC3200F91E00 /* TBMoedasNode.swift in Sources */,
				00648CB21BF2849D00C1F906 /* TBOptionsViewController.swift in Sources */,
				52E7AEB51BBF0227008FE672 /* TBGroundBotNode.swift in Sources */,
				52C376FA1BC44E4B0012BC96 /* TBFlyingBotEntity.swift in Sources */,
				52E7AEB31BBEFEF6008FE672 /* TBPlayerEntity.swift in Sources */,
				AF2A3E451BD85D19001DA3DB /* TBUtils.swift in Sources */,
				000D09D91BBEF31100631559 /* TBPlayerNode.swift in Sources */,
				52EF6EE41BF52F4700780377 /* TBMonsterProtocol.swift in Sources */,
				00AC3AC11BEA83EA00323B6D /* TBRedLightEffect.swift in Sources */,
				009018BA1BC82F63002AABC7 /* TBPowerUpsStates.swift in Sources */,
				00DCF2D81BE15213006F9F86 /* TBTutorialNodes.swift in Sources */,
				52E7AEB11BBEFA52008FE672 /* GameSceneTestEnemy.swift in Sources */,
				00CDBEC01BB9CC3100BC0517 /* TBGestureReconizer.swift in Sources */,
				00CDBE901BB9B39000BC0517 /* GameScene.swift in Sources */,
				AF2A3E471BD85D47001DA3DB /* TBEspinhosNode.swift in Sources */,
				52C376F81BC4482D0012BC96 /* TBFlyingBotNode.swift in Sources */,
				008698B61BE94F7A00EE80F2 /* TBAlertNode.swift in Sources */,
				52C376FC1BC44E7E0012BC96 /* TBFlying.swift in Sources */,
				AF0A272A1BE010E20027965B /* TBFinalNode.swift in Sources */,
				00CDBE921BB9B39000BC0517 /* GameViewController.swift in Sources */,
				00CDBE8C1BB9B39000BC0517 /* AppDelegate.swift in Sources */,
				52E7AEB91BBF06D2008FE672 /* TBGroundBotAtack.swift in Sources */,
				00BE1EF11BF8C43300F091B9 /* TBPowerUpNode.swift in Sources */,
				00C0FCE41BE94AEF00F8C730 /* TBMachineFrontNode.swift in Sources */,
				52CABF6E1BF13171008670B9 /* TBShotBotNode.swift in Sources */,
				52E7AEB71BBF0286008FE672 /* TBGroundBotEntity.swift in Sources */,
				52C376F61BC441190012BC96 /* TBShotNode.swift in Sources */,
			);
			runOnlyForDeploymentPostprocessing = 0;
		};
		00CDBE9C1BB9B39100BC0517 /* Sources */ = {
			isa = PBXSourcesBuildPhase;
			buildActionMask = 2147483647;
			files = (
				00CDBEA51BB9B39100BC0517 /* TheBugggerTests.swift in Sources */,
			);
			runOnlyForDeploymentPostprocessing = 0;
		};
		00CDBEA71BB9B39100BC0517 /* Sources */ = {
			isa = PBXSourcesBuildPhase;
			buildActionMask = 2147483647;
			files = (
				00CDBEB01BB9B39100BC0517 /* TheBugggerUITests.swift in Sources */,
			);
			runOnlyForDeploymentPostprocessing = 0;
		};
/* End PBXSourcesBuildPhase section */

/* Begin PBXTargetDependency section */
		00CDBEA21BB9B39100BC0517 /* PBXTargetDependency */ = {
			isa = PBXTargetDependency;
			target = 00CDBE871BB9B39000BC0517 /* TheBuggger */;
			targetProxy = 00CDBEA11BB9B39100BC0517 /* PBXContainerItemProxy */;
		};
		00CDBEAD1BB9B39100BC0517 /* PBXTargetDependency */ = {
			isa = PBXTargetDependency;
			target = 00CDBE871BB9B39000BC0517 /* TheBuggger */;
			targetProxy = 00CDBEAC1BB9B39100BC0517 /* PBXContainerItemProxy */;
		};
/* End PBXTargetDependency section */

/* Begin PBXVariantGroup section */
		00CDBE931BB9B39000BC0517 /* Main.storyboard */ = {
			isa = PBXVariantGroup;
			children = (
				00CDBE941BB9B39000BC0517 /* Base */,
			);
			name = Main.storyboard;
			sourceTree = "<group>";
		};
		00CDBE981BB9B39000BC0517 /* LaunchScreen.storyboard */ = {
			isa = PBXVariantGroup;
			children = (
				00CDBE991BB9B39000BC0517 /* Base */,
			);
			name = LaunchScreen.storyboard;
			sourceTree = "<group>";
		};
/* End PBXVariantGroup section */

/* Begin XCBuildConfiguration section */
		00CDBEB21BB9B39100BC0517 /* Debug */ = {
			isa = XCBuildConfiguration;
			buildSettings = {
				ALWAYS_SEARCH_USER_PATHS = NO;
				CLANG_CXX_LANGUAGE_STANDARD = "gnu++0x";
				CLANG_CXX_LIBRARY = "libc++";
				CLANG_ENABLE_MODULES = YES;
				CLANG_ENABLE_OBJC_ARC = YES;
				CLANG_WARN_BOOL_CONVERSION = YES;
				CLANG_WARN_CONSTANT_CONVERSION = YES;
				CLANG_WARN_DIRECT_OBJC_ISA_USAGE = YES_ERROR;
				CLANG_WARN_EMPTY_BODY = YES;
				CLANG_WARN_ENUM_CONVERSION = YES;
				CLANG_WARN_INT_CONVERSION = YES;
				CLANG_WARN_OBJC_ROOT_CLASS = YES_ERROR;
				CLANG_WARN_UNREACHABLE_CODE = YES;
				CLANG_WARN__DUPLICATE_METHOD_MATCH = YES;
				"CODE_SIGN_IDENTITY[sdk=iphoneos*]" = "iPhone Developer";
				COPY_PHASE_STRIP = NO;
				DEBUG_INFORMATION_FORMAT = "dwarf-with-dsym";
				ENABLE_STRICT_OBJC_MSGSEND = YES;
				ENABLE_TESTABILITY = YES;
				GCC_C_LANGUAGE_STANDARD = gnu99;
				GCC_DYNAMIC_NO_PIC = NO;
				GCC_NO_COMMON_BLOCKS = YES;
				GCC_OPTIMIZATION_LEVEL = 0;
				GCC_PREPROCESSOR_DEFINITIONS = (
					"DEBUG=1",
					"$(inherited)",
				);
				GCC_WARN_64_TO_32_BIT_CONVERSION = YES;
				GCC_WARN_ABOUT_RETURN_TYPE = YES_ERROR;
				GCC_WARN_UNDECLARED_SELECTOR = YES;
				GCC_WARN_UNINITIALIZED_AUTOS = YES_AGGRESSIVE;
				GCC_WARN_UNUSED_FUNCTION = YES;
				GCC_WARN_UNUSED_VARIABLE = YES;
				IPHONEOS_DEPLOYMENT_TARGET = 9.0;
				MTL_ENABLE_DEBUG_INFO = YES;
				ONLY_ACTIVE_ARCH = YES;
				SDKROOT = iphoneos;
				SWIFT_OPTIMIZATION_LEVEL = "-Onone";
			};
			name = Debug;
		};
		00CDBEB31BB9B39100BC0517 /* Release */ = {
			isa = XCBuildConfiguration;
			buildSettings = {
				ALWAYS_SEARCH_USER_PATHS = NO;
				CLANG_CXX_LANGUAGE_STANDARD = "gnu++0x";
				CLANG_CXX_LIBRARY = "libc++";
				CLANG_ENABLE_MODULES = YES;
				CLANG_ENABLE_OBJC_ARC = YES;
				CLANG_WARN_BOOL_CONVERSION = YES;
				CLANG_WARN_CONSTANT_CONVERSION = YES;
				CLANG_WARN_DIRECT_OBJC_ISA_USAGE = YES_ERROR;
				CLANG_WARN_EMPTY_BODY = YES;
				CLANG_WARN_ENUM_CONVERSION = YES;
				CLANG_WARN_INT_CONVERSION = YES;
				CLANG_WARN_OBJC_ROOT_CLASS = YES_ERROR;
				CLANG_WARN_UNREACHABLE_CODE = YES;
				CLANG_WARN__DUPLICATE_METHOD_MATCH = YES;
				"CODE_SIGN_IDENTITY[sdk=iphoneos*]" = "iPhone Developer";
				COPY_PHASE_STRIP = NO;
				DEBUG_INFORMATION_FORMAT = "dwarf-with-dsym";
				ENABLE_NS_ASSERTIONS = NO;
				ENABLE_STRICT_OBJC_MSGSEND = YES;
				GCC_C_LANGUAGE_STANDARD = gnu99;
				GCC_NO_COMMON_BLOCKS = YES;
				GCC_WARN_64_TO_32_BIT_CONVERSION = YES;
				GCC_WARN_ABOUT_RETURN_TYPE = YES_ERROR;
				GCC_WARN_UNDECLARED_SELECTOR = YES;
				GCC_WARN_UNINITIALIZED_AUTOS = YES_AGGRESSIVE;
				GCC_WARN_UNUSED_FUNCTION = YES;
				GCC_WARN_UNUSED_VARIABLE = YES;
				IPHONEOS_DEPLOYMENT_TARGET = 9.0;
				MTL_ENABLE_DEBUG_INFO = NO;
				SDKROOT = iphoneos;
				VALIDATE_PRODUCT = YES;
			};
			name = Release;
		};
		00CDBEB51BB9B39100BC0517 /* Debug */ = {
			isa = XCBuildConfiguration;
			buildSettings = {
				ASSETCATALOG_COMPILER_APPICON_NAME = AppIcon;
				CODE_SIGN_IDENTITY = "iPhone Developer";
				"CODE_SIGN_IDENTITY[sdk=iphoneos*]" = "iPhone Developer";
				INFOPLIST_FILE = TheBuggger/Info.plist;
				LD_RUNPATH_SEARCH_PATHS = "$(inherited) @executable_path/Frameworks";
				LIBRARY_SEARCH_PATHS = (
					"$(inherited)",
					"$(PROJECT_DIR)/TheBuggger",
				);
				PRODUCT_BUNDLE_IDENTIFIER = br.ufpe.cin.TheBuggger;
				PRODUCT_NAME = "$(TARGET_NAME)";
				PROVISIONING_PROFILE = "";
				SWIFT_OBJC_BRIDGING_HEADER = "TheBugger-Bridging-Header.h";
			};
			name = Debug;
		};
		00CDBEB61BB9B39100BC0517 /* Release */ = {
			isa = XCBuildConfiguration;
			buildSettings = {
				ASSETCATALOG_COMPILER_APPICON_NAME = AppIcon;
				CODE_SIGN_IDENTITY = "iPhone Developer";
				"CODE_SIGN_IDENTITY[sdk=iphoneos*]" = "iPhone Developer";
				INFOPLIST_FILE = TheBuggger/Info.plist;
				LD_RUNPATH_SEARCH_PATHS = "$(inherited) @executable_path/Frameworks";
				LIBRARY_SEARCH_PATHS = (
					"$(inherited)",
					"$(PROJECT_DIR)/TheBuggger",
				);
				PRODUCT_BUNDLE_IDENTIFIER = br.ufpe.cin.TheBuggger;
				PRODUCT_NAME = "$(TARGET_NAME)";
				PROVISIONING_PROFILE = "";
				SWIFT_OBJC_BRIDGING_HEADER = "TheBugger-Bridging-Header.h";
			};
			name = Release;
		};
		00CDBEB81BB9B39100BC0517 /* Debug */ = {
			isa = XCBuildConfiguration;
			buildSettings = {
				BUNDLE_LOADER = "$(TEST_HOST)";
				DEBUG_INFORMATION_FORMAT = dwarf;
				INFOPLIST_FILE = TheBugggerTests/Info.plist;
				LD_RUNPATH_SEARCH_PATHS = "$(inherited) @executable_path/Frameworks @loader_path/Frameworks";
				PRODUCT_BUNDLE_IDENTIFIER = br.ufpe.cin..TheBugggerTests;
				PRODUCT_NAME = "$(TARGET_NAME)";
				TEST_HOST = "$(BUILT_PRODUCTS_DIR)/TheBuggger.app/TheBuggger";
			};
			name = Debug;
		};
		00CDBEB91BB9B39100BC0517 /* Release */ = {
			isa = XCBuildConfiguration;
			buildSettings = {
				BUNDLE_LOADER = "$(TEST_HOST)";
				INFOPLIST_FILE = TheBugggerTests/Info.plist;
				LD_RUNPATH_SEARCH_PATHS = "$(inherited) @executable_path/Frameworks @loader_path/Frameworks";
				PRODUCT_BUNDLE_IDENTIFIER = br.ufpe.cin..TheBugggerTests;
				PRODUCT_NAME = "$(TARGET_NAME)";
				TEST_HOST = "$(BUILT_PRODUCTS_DIR)/TheBuggger.app/TheBuggger";
			};
			name = Release;
		};
		00CDBEBB1BB9B39100BC0517 /* Debug */ = {
			isa = XCBuildConfiguration;
			buildSettings = {
				DEBUG_INFORMATION_FORMAT = dwarf;
				INFOPLIST_FILE = TheBugggerUITests/Info.plist;
				LD_RUNPATH_SEARCH_PATHS = "$(inherited) @executable_path/Frameworks @loader_path/Frameworks";
				PRODUCT_BUNDLE_IDENTIFIER = br.ufpe.cin..TheBugggerUITests;
				PRODUCT_NAME = "$(TARGET_NAME)";
				TEST_TARGET_NAME = TheBuggger;
				USES_XCTRUNNER = YES;
			};
			name = Debug;
		};
		00CDBEBC1BB9B39100BC0517 /* Release */ = {
			isa = XCBuildConfiguration;
			buildSettings = {
				INFOPLIST_FILE = TheBugggerUITests/Info.plist;
				LD_RUNPATH_SEARCH_PATHS = "$(inherited) @executable_path/Frameworks @loader_path/Frameworks";
				PRODUCT_BUNDLE_IDENTIFIER = br.ufpe.cin..TheBugggerUITests;
				PRODUCT_NAME = "$(TARGET_NAME)";
				TEST_TARGET_NAME = TheBuggger;
				USES_XCTRUNNER = YES;
			};
			name = Release;
		};
/* End XCBuildConfiguration section */

/* Begin XCConfigurationList section */
		00CDBE831BB9B39000BC0517 /* Build configuration list for PBXProject "TheBuggger" */ = {
			isa = XCConfigurationList;
			buildConfigurations = (
				00CDBEB21BB9B39100BC0517 /* Debug */,
				00CDBEB31BB9B39100BC0517 /* Release */,
			);
			defaultConfigurationIsVisible = 0;
			defaultConfigurationName = Release;
		};
		00CDBEB41BB9B39100BC0517 /* Build configuration list for PBXNativeTarget "TheBuggger" */ = {
			isa = XCConfigurationList;
			buildConfigurations = (
				00CDBEB51BB9B39100BC0517 /* Debug */,
				00CDBEB61BB9B39100BC0517 /* Release */,
			);
			defaultConfigurationIsVisible = 0;
			defaultConfigurationName = Release;
		};
		00CDBEB71BB9B39100BC0517 /* Build configuration list for PBXNativeTarget "TheBugggerTests" */ = {
			isa = XCConfigurationList;
			buildConfigurations = (
				00CDBEB81BB9B39100BC0517 /* Debug */,
				00CDBEB91BB9B39100BC0517 /* Release */,
			);
			defaultConfigurationIsVisible = 0;
			defaultConfigurationName = Release;
		};
		00CDBEBA1BB9B39100BC0517 /* Build configuration list for PBXNativeTarget "TheBugggerUITests" */ = {
			isa = XCConfigurationList;
			buildConfigurations = (
				00CDBEBB1BB9B39100BC0517 /* Debug */,
				00CDBEBC1BB9B39100BC0517 /* Release */,
			);
			defaultConfigurationIsVisible = 0;
			defaultConfigurationName = Release;
		};
/* End XCConfigurationList section */
	};
	rootObject = 00CDBE801BB9B39000BC0517 /* Project object */;
}
